// !$*UTF8*$!
{
	archiveVersion = 1;
	classes = {
	};
	objectVersion = 56;
	objects = {

/* Begin PBXBuildFile section */
		122CC8172F3D53F9005F74EA /* HapticManager.swift in Sources */ = {isa = PBXBuildFile; fileRef = 122CC7842F3D53F9005F74EA /* HapticManager.swift */; };
		122CC8182F3D53F9005F74EA /* Color+Extensions.swift in Sources */ = {isa = PBXBuildFile; fileRef = 122CC7862F3D53F9005F74EA /* Color+Extensions.swift */; };
		122CC8192F3D53F9005F74EA /* SpeechManager.swift in Sources */ = {isa = PBXBuildFile; fileRef = 122CC7882F3D53F9005F74EA /* SpeechManager.swift */; };
		122CC81A2F3D53F9005F74EA /* AppTheme.swift in Sources */ = {isa = PBXBuildFile; fileRef = 122CC78A2F3D53F9005F74EA /* AppTheme.swift */; };
		122CC81B2F3D53F9005F74EA /* ShimmerEffect.swift in Sources */ = {isa = PBXBuildFile; fileRef = 122CC78B2F3D53F9005F74EA /* ShimmerEffect.swift */; };
		122CC81C2F3D53F9005F74EA /* AppView.swift in Sources */ = {isa = PBXBuildFile; fileRef = 122CC78D2F3D53F9005F74EA /* AppView.swift */; };
		122CC81D2F3D53F9005F74EA /* supabase.swift in Sources */ = {isa = PBXBuildFile; fileRef = 122CC78E2F3D53F9005F74EA /* supabase.swift */; };
		122CC81E2F3D53F9005F74EA /* AssistantOverlayView.swift in Sources */ = {isa = PBXBuildFile; fileRef = 122CC7912F3D53F9005F74EA /* AssistantOverlayView.swift */; };
		122CC81F2F3D53F9005F74EA /* MinimizedResponsePill.swift in Sources */ = {isa = PBXBuildFile; fileRef = 122CC7932F3D53F9005F74EA /* MinimizedResponsePill.swift */; };
		122CC8202F3D53F9005F74EA /* QuestionOptionsView.swift in Sources */ = {isa = PBXBuildFile; fileRef = 122CC7942F3D53F9005F74EA /* QuestionOptionsView.swift */; };
		122CC8212F3D53F9005F74EA /* CollapsedStepsSummary.swift in Sources */ = {isa = PBXBuildFile; fileRef = 122CC7952F3D53F9005F74EA /* CollapsedStepsSummary.swift */; };
		122CC8222F3D53F9005F74EA /* FloatingMessageStack.swift in Sources */ = {isa = PBXBuildFile; fileRef = 122CC7962F3D53F9005F74EA /* FloatingMessageStack.swift */; };
		122CC8232F3D53F9005F74EA /* ChatInputBar.swift in Sources */ = {isa = PBXBuildFile; fileRef = 122CC7972F3D53F9005F74EA /* ChatInputBar.swift */; };
		122CC8242F3D53F9005F74EA /* MessageBubble.swift in Sources */ = {isa = PBXBuildFile; fileRef = 122CC7982F3D53F9005F74EA /* MessageBubble.swift */; };
		122CC8252F3D53F9005F74EA /* ArtifactCard.swift in Sources */ = {isa = PBXBuildFile; fileRef = 122CC7992F3D53F9005F74EA /* ArtifactCard.swift */; };
		122CC8262F3D53F9005F74EA /* StreamingStepsLine.swift in Sources */ = {isa = PBXBuildFile; fileRef = 122CC79A2F3D53F9005F74EA /* StreamingStepsLine.swift */; };
		122CC8272F3D53F9005F74EA /* InlineStepsView.swift in Sources */ = {isa = PBXBuildFile; fileRef = 122CC79B2F3D53F9005F74EA /* InlineStepsView.swift */; };
		122CC8282F3D53F9005F74EA /* AssistantView.swift in Sources */ = {isa = PBXBuildFile; fileRef = 122CC79C2F3D53F9005F74EA /* AssistantView.swift */; };
		122CC8292F3D53F9005F74EA /* WorkoutCoachSheets.swift in Sources */ = {isa = PBXBuildFile; fileRef = 122CC79E2F3D53F9005F74EA /* WorkoutCoachSheets.swift */; };
		122CC82A2F3D53F9005F74EA /* HomeView.swift in Sources */ = {isa = PBXBuildFile; fileRef = 122CC79F2F3D53F9005F74EA /* HomeView.swift */; };
		122CC82B2F3D53F9005F74EA /* WorkoutPill.swift in Sources */ = {isa = PBXBuildFile; fileRef = 122CC7A12F3D53F9005F74EA /* WorkoutPill.swift */; };
		122CC82C2F3D53F9005F74EA /* BodyweightExerciseView.swift in Sources */ = {isa = PBXBuildFile; fileRef = 122CC7A22F3D53F9005F74EA /* BodyweightExerciseView.swift */; };
		122CC82D2F3D53F9005F74EA /* GlowingOrbButton.swift in Sources */ = {isa = PBXBuildFile; fileRef = 122CC7A32F3D53F9005F74EA /* GlowingOrbButton.swift */; };
		122CC82E2F3D53F9005F74EA /* StrengthExerciseView.swift in Sources */ = {isa = PBXBuildFile; fileRef = 122CC7A42F3D53F9005F74EA /* StrengthExerciseView.swift */; };
		122CC82F2F3D53F9005F74EA /* AIMessageView.swift in Sources */ = {isa = PBXBuildFile; fileRef = 122CC7A52F3D53F9005F74EA /* AIMessageView.swift */; };
		122CC8302F3D53F9005F74EA /* IsometricExerciseView.swift in Sources */ = {isa = PBXBuildFile; fileRef = 122CC7A62F3D53F9005F74EA /* IsometricExerciseView.swift */; };
		122CC8312F3D53F9005F74EA /* DurationExerciseView.swift in Sources */ = {isa = PBXBuildFile; fileRef = 122CC7A72F3D53F9005F74EA /* DurationExerciseView.swift */; };
		122CC8322F3D53F9005F74EA /* ExerciseDotTracker.swift in Sources */ = {isa = PBXBuildFile; fileRef = 122CC7A82F3D53F9005F74EA /* ExerciseDotTracker.swift */; };
		122CC8332F3D53F9005F74EA /* AIMessageSkeleton.swift in Sources */ = {isa = PBXBuildFile; fileRef = 122CC7A92F3D53F9005F74EA /* AIMessageSkeleton.swift */; };
		122CC8342F3D53F9005F74EA /* ExerciseCard.swift in Sources */ = {isa = PBXBuildFile; fileRef = 122CC7AA2F3D53F9005F74EA /* ExerciseCard.swift */; };
		122CC8352F3D53F9005F74EA /* IntervalsExerciseView.swift in Sources */ = {isa = PBXBuildFile; fileRef = 122CC7AB2F3D53F9005F74EA /* IntervalsExerciseView.swift */; };
		122CC8362F3D53F9005F74EA /* ExpandableDescriptionView.swift in Sources */ = {isa = PBXBuildFile; fileRef = 122CC7AC2F3D53F9005F74EA /* ExpandableDescriptionView.swift */; };
		122CC8372F3D53F9005F74EA /* WritingModeView.swift in Sources */ = {isa = PBXBuildFile; fileRef = 122CC7AE2F3D53F9005F74EA /* WritingModeView.swift */; };
		122CC8382F3D53F9005F74EA /* ProfileView.swift in Sources */ = {isa = PBXBuildFile; fileRef = 122CC7B02F3D53F9005F74EA /* ProfileView.swift */; };
		122CC8392F3D53F9005F74EA /* CurrentLocationPill.swift in Sources */ = {isa = PBXBuildFile; fileRef = 122CC7B32F3D53F9005F74EA /* CurrentLocationPill.swift */; };
		122CC83A2F3D53F9005F74EA /* EquipmentInputView.swift in Sources */ = {isa = PBXBuildFile; fileRef = 122CC7B42F3D53F9005F74EA /* EquipmentInputView.swift */; };
		122CC83B2F3D53F9005F74EA /* LocationMapPickerView.swift in Sources */ = {isa = PBXBuildFile; fileRef = 122CC7B62F3D53F9005F74EA /* LocationMapPickerView.swift */; };
		122CC83C2F3D53F9005F74EA /* LocationEditorView.swift in Sources */ = {isa = PBXBuildFile; fileRef = 122CC7B72F3D53F9005F74EA /* LocationEditorView.swift */; };
		122CC83D2F3D53F9005F74EA /* LocationsListSheet.swift in Sources */ = {isa = PBXBuildFile; fileRef = 122CC7B82F3D53F9005F74EA /* LocationsListSheet.swift */; };
		122CC83E2F3D53F9005F74EA /* FeatureTourOverlay.swift in Sources */ = {isa = PBXBuildFile; fileRef = 122CC7BA2F3D53F9005F74EA /* FeatureTourOverlay.swift */; };
		122CC83F2F3D53F9005F74EA /* ExerciseDetailSheet.swift in Sources */ = {isa = PBXBuildFile; fileRef = 122CC7BD2F3D53F9005F74EA /* ExerciseDetailSheet.swift */; };
		122CC8402F3D53F9005F74EA /* StatsView.swift in Sources */ = {isa = PBXBuildFile; fileRef = 122CC7BE2F3D53F9005F74EA /* StatsView.swift */; };
		122CC8412F3D53F9005F74EA /* TrainerDataHubView.swift in Sources */ = {isa = PBXBuildFile; fileRef = 122CC7C02F3D53F9005F74EA /* TrainerDataHubView.swift */; };
		122CC8422F3D53F9005F74EA /* TrainerMonitoringViews.swift in Sources */ = {isa = PBXBuildFile; fileRef = 122CC7C12F3D53F9005F74EA /* TrainerMonitoringViews.swift */; };
		122CC8432F3D53F9005F74EA /* TrainerJourneyView.swift in Sources */ = {isa = PBXBuildFile; fileRef = 122CC7C22F3D53F9005F74EA /* TrainerJourneyView.swift */; };
		122CC8442F3D53F9005F74EA /* OnboardingCoordinatorView.swift in Sources */ = {isa = PBXBuildFile; fileRef = 122CC7C42F3D53F9005F74EA /* OnboardingCoordinatorView.swift */; };
		122CC8452F3D53F9005F74EA /* ProcessOverviewView.swift in Sources */ = {isa = PBXBuildFile; fileRef = 122CC7C52F3D53F9005F74EA /* ProcessOverviewView.swift */; };
		122CC8462F3D53F9005F74EA /* OnboardingResumeView.swift in Sources */ = {isa = PBXBuildFile; fileRef = 122CC7C62F3D53F9005F74EA /* OnboardingResumeView.swift */; };
		122CC8472F3D53F9005F74EA /* OnboardingAuthView.swift in Sources */ = {isa = PBXBuildFile; fileRef = 122CC7C72F3D53F9005F74EA /* OnboardingAuthView.swift */; };
		122CC8482F3D53F9005F74EA /* IntakeCoordinatorView.swift in Sources */ = {isa = PBXBuildFile; fileRef = 122CC7C82F3D53F9005F74EA /* IntakeCoordinatorView.swift */; };
		122CC8492F3D53F9005F74EA /* OTPVerificationView.swift in Sources */ = {isa = PBXBuildFile; fileRef = 122CC7C92F3D53F9005F74EA /* OTPVerificationView.swift */; };
		122CC84A2F3D53F9005F74EA /* NotificationPermissionView.swift in Sources */ = {isa = PBXBuildFile; fileRef = 122CC7CA2F3D53F9005F74EA /* NotificationPermissionView.swift */; };
		122CC84B2F3D53F9005F74EA /* OnboardingSuccessView.swift in Sources */ = {isa = PBXBuildFile; fileRef = 122CC7CB2F3D53F9005F74EA /* OnboardingSuccessView.swift */; };
		122CC84C2F3D53F9005F74EA /* ProgramReviewView.swift in Sources */ = {isa = PBXBuildFile; fileRef = 122CC7CC2F3D53F9005F74EA /* ProgramReviewView.swift */; };
		122CC84D2F3D53F9005F74EA /* TextInputScreenView.swift in Sources */ = {isa = PBXBuildFile; fileRef = 122CC7CE2F3D53F9005F74EA /* TextInputScreenView.swift */; };
		122CC84E2F3D53F9005F74EA /* WeightPickerScreenView.swift in Sources */ = {isa = PBXBuildFile; fileRef = 122CC7CF2F3D53F9005F74EA /* WeightPickerScreenView.swift */; };
		122CC84F2F3D53F9005F74EA /* BirthdayPickerScreenView.swift in Sources */ = {isa = PBXBuildFile; fileRef = 122CC7D02F3D53F9005F74EA /* BirthdayPickerScreenView.swift */; };
		122CC8502F3D53F9005F74EA /* SimpleSelectScreenView.swift in Sources */ = {isa = PBXBuildFile; fileRef = 122CC7D12F3D53F9005F74EA /* SimpleSelectScreenView.swift */; };
		122CC8512F3D53F9005F74EA /* GuidedVoiceScreenView.swift in Sources */ = {isa = PBXBuildFile; fileRef = 122CC7D22F3D53F9005F74EA /* GuidedVoiceScreenView.swift */; };
		122CC8522F3D53F9005F74EA /* IntroNarrationView.swift in Sources */ = {isa = PBXBuildFile; fileRef = 122CC7D32F3D53F9005F74EA /* IntroNarrationView.swift */; };
		122CC8532F3D53F9005F74EA /* HeightPickerScreenView.swift in Sources */ = {isa = PBXBuildFile; fileRef = 122CC7D42F3D53F9005F74EA /* HeightPickerScreenView.swift */; };
		122CC8542F3D53F9005F74EA /* VoiceScreenView.swift in Sources */ = {isa = PBXBuildFile; fileRef = 122CC7D52F3D53F9005F74EA /* VoiceScreenView.swift */; };
		122CC8552F3D53F9005F74EA /* IntakeCompleteScreenView.swift in Sources */ = {isa = PBXBuildFile; fileRef = 122CC7D62F3D53F9005F74EA /* IntakeCompleteScreenView.swift */; };
		122CC8562F3D53F9005F74EA /* IntroCTAView.swift in Sources */ = {isa = PBXBuildFile; fileRef = 122CC7D72F3D53F9005F74EA /* IntroCTAView.swift */; };
		122CC8572F3D53F9005F74EA /* IntroHeroView.swift in Sources */ = {isa = PBXBuildFile; fileRef = 122CC7D82F3D53F9005F74EA /* IntroHeroView.swift */; };
		122CC8582F3D53F9005F74EA /* GoalReviewView.swift in Sources */ = {isa = PBXBuildFile; fileRef = 122CC7D92F3D53F9005F74EA /* GoalReviewView.swift */; };
		122CC8592F3D53F9005F74EA /* Assets.xcassets in Resources */ = {isa = PBXBuildFile; fileRef = 122CC7DA2F3D53F9005F74EA /* Assets.xcassets */; };
		122CC85A2F3D53F9005F74EA /* WaveformView.swift in Sources */ = {isa = PBXBuildFile; fileRef = 122CC7DD2F3D53F9005F74EA /* WaveformView.swift */; };
		122CC85B2F3D53F9005F74EA /* OnboardingErrorCard.swift in Sources */ = {isa = PBXBuildFile; fileRef = 122CC7DE2F3D53F9005F74EA /* OnboardingErrorCard.swift */; };
		122CC85C2F3D53F9005F74EA /* SegmentedProgressBar.swift in Sources */ = {isa = PBXBuildFile; fileRef = 122CC7DF2F3D53F9005F74EA /* SegmentedProgressBar.swift */; };
		122CC85D2F3D53F9005F74EA /* StepProgressBar.swift in Sources */ = {isa = PBXBuildFile; fileRef = 122CC7E02F3D53F9005F74EA /* StepProgressBar.swift */; };
		122CC85E2F3D53F9005F74EA /* PillsRow.swift in Sources */ = {isa = PBXBuildFile; fileRef = 122CC7E12F3D53F9005F74EA /* PillsRow.swift */; };
		122CC85F2F3D53F9005F74EA /* OnboardingTopBar.swift in Sources */ = {isa = PBXBuildFile; fileRef = 122CC7E22F3D53F9005F74EA /* OnboardingTopBar.swift */; };
		122CC8602F3D53F9005F74EA /* OTPCodeField.swift in Sources */ = {isa = PBXBuildFile; fileRef = 122CC7E32F3D53F9005F74EA /* OTPCodeField.swift */; };
		122CC8612F3D53F9005F74EA /* ExpandingFabMenu.swift in Sources */ = {isa = PBXBuildFile; fileRef = 122CC7E42F3D53F9005F74EA /* ExpandingFabMenu.swift */; };
		122CC8622F3D53F9005F74EA /* TypewriterTextView.swift in Sources */ = {isa = PBXBuildFile; fileRef = 122CC7E52F3D53F9005F74EA /* TypewriterTextView.swift */; };
		122CC8632F3D53F9005F74EA /* FloatingAIButton.swift in Sources */ = {isa = PBXBuildFile; fileRef = 122CC7E62F3D53F9005F74EA /* FloatingAIButton.swift */; };
		122CC8642F3D53F9005F74EA /* ToastView.swift in Sources */ = {isa = PBXBuildFile; fileRef = 122CC7E72F3D53F9005F74EA /* ToastView.swift */; };
		122CC8652F3D53F9005F74EA /* ThinTopBar.swift in Sources */ = {isa = PBXBuildFile; fileRef = 122CC7E82F3D53F9005F74EA /* ThinTopBar.swift */; };
		122CC8662F3D53F9005F74EA /* SideDrawerView.swift in Sources */ = {isa = PBXBuildFile; fileRef = 122CC7E92F3D53F9005F74EA /* SideDrawerView.swift */; };
		122CC8672F3D53F9005F74EA /* OnboardingProgressBar.swift in Sources */ = {isa = PBXBuildFile; fileRef = 122CC7EA2F3D53F9005F74EA /* OnboardingProgressBar.swift */; };
		122CC8682F3D53F9005F74EA /* VoiceBottomBar.swift in Sources */ = {isa = PBXBuildFile; fileRef = 122CC7EB2F3D53F9005F74EA /* VoiceBottomBar.swift */; };
		122CC8692F3D53F9005F74EA /* UnitToggle.swift in Sources */ = {isa = PBXBuildFile; fileRef = 122CC7EC2F3D53F9005F74EA /* UnitToggle.swift */; };
		122CC86A2F3D53F9005F74EA /* OnboardingOrbView.swift in Sources */ = {isa = PBXBuildFile; fileRef = 122CC7ED2F3D53F9005F74EA /* OnboardingOrbView.swift */; };
		122CC86B2F3D53F9005F74EA /* ChevronButton.swift in Sources */ = {isa = PBXBuildFile; fileRef = 122CC7EE2F3D53F9005F74EA /* ChevronButton.swift */; };
		122CC86C2F3D53F9005F74EA /* LoadingStateView.swift in Sources */ = {isa = PBXBuildFile; fileRef = 122CC7EF2F3D53F9005F74EA /* LoadingStateView.swift */; };
		122CC86D2F3D53F9005F74EA /* WorkoutSessionModels.swift in Sources */ = {isa = PBXBuildFile; fileRef = 122CC7F12F3D53F9005F74EA /* WorkoutSessionModels.swift */; };
		122CC86E2F3D53F9005F74EA /* Location.swift in Sources */ = {isa = PBXBuildFile; fileRef = 122CC7F22F3D53F9005F74EA /* Location.swift */; };
		122CC86F2F3D53F9005F74EA /* LocalIntakeData.swift in Sources */ = {isa = PBXBuildFile; fileRef = 122CC7F32F3D53F9005F74EA /* LocalIntakeData.swift */; };
		122CC8702F3D53F9005F74EA /* OnboardingModels.swift in Sources */ = {isa = PBXBuildFile; fileRef = 122CC7F42F3D53F9005F74EA /* OnboardingModels.swift */; };
		122CC8712F3D53F9005F74EA /* APIModels.swift in Sources */ = {isa = PBXBuildFile; fileRef = 122CC7F52F3D53F9005F74EA /* APIModels.swift */; };
		122CC8722F3D53F9005F74EA /* IntakeModels.swift in Sources */ = {isa = PBXBuildFile; fileRef = 122CC7F62F3D53F9005F74EA /* IntakeModels.swift */; };
		122CC8732F3D53F9005F74EA /* OnboardingScreenData.swift in Sources */ = {isa = PBXBuildFile; fileRef = 122CC7F72F3D53F9005F74EA /* OnboardingScreenData.swift */; };
		122CC8742F3D53F9005F74EA /* AssessmentModels.swift in Sources */ = {isa = PBXBuildFile; fileRef = 122CC7F82F3D53F9005F74EA /* AssessmentModels.swift */; };
		122CC8752F3D53F9005F74EA /* Exercise.swift in Sources */ = {isa = PBXBuildFile; fileRef = 122CC7F92F3D53F9005F74EA /* Exercise.swift */; };
		122CC8762F3D53F9005F74EA /* JourneyModels.swift in Sources */ = {isa = PBXBuildFile; fileRef = 122CC7FA2F3D53F9005F74EA /* JourneyModels.swift */; };
		122CC8772F3D53F9005F74EA /* ProgramModels.swift in Sources */ = {isa = PBXBuildFile; fileRef = 122CC7FB2F3D53F9005F74EA /* ProgramModels.swift */; };
		122CC8782F3D53F9005F74EA /* UIExercise.swift in Sources */ = {isa = PBXBuildFile; fileRef = 122CC7FC2F3D53F9005F74EA /* UIExercise.swift */; };
		122CC8792F3D53F9005F74EA /* CodableValue+Helpers.swift in Sources */ = {isa = PBXBuildFile; fileRef = 122CC7FD2F3D53F9005F74EA /* CodableValue+Helpers.swift */; };
		122CC87A2F3D53F9005F74EA /* GoalModels.swift in Sources */ = {isa = PBXBuildFile; fileRef = 122CC7FE2F3D53F9005F74EA /* GoalModels.swift */; };
		122CC87B2F3D53F9005F74EA /* MonitoringModels.swift in Sources */ = {isa = PBXBuildFile; fileRef = 122CC7FF2F3D53F9005F74EA /* MonitoringModels.swift */; };
		122CC87C2F3D53F9005F74EA /* CheckinModels.swift in Sources */ = {isa = PBXBuildFile; fileRef = 122CC8002F3D53F9005F74EA /* CheckinModels.swift */; };
		122CC87D2F3D53F9005F74EA /* WorkoutHistory.swift in Sources */ = {isa = PBXBuildFile; fileRef = 122CC8012F3D53F9005F74EA /* WorkoutHistory.swift */; };
		122CC87E2F3D53F9005F74EA /* AgentModels.swift in Sources */ = {isa = PBXBuildFile; fileRef = 122CC8022F3D53F9005F74EA /* AgentModels.swift */; };
		122CC87F2F3D53F9005F74EA /* Preview Assets.xcassets in Resources */ = {isa = PBXBuildFile; fileRef = 122CC8042F3D53F9005F74EA /* Preview Assets.xcassets */; };
		122CC8802F3D53F9005F74EA /* AI_Personal_Trainer_AppApp.swift in Sources */ = {isa = PBXBuildFile; fileRef = 122CC8052F3D53F9005F74EA /* AI_Personal_Trainer_AppApp.swift */; };
		122CC8812F3D53F9005F74EA /* TrainingProgramStore.swift in Sources */ = {isa = PBXBuildFile; fileRef = 122CC8072F3D53F9005F74EA /* TrainingProgramStore.swift */; };
		122CC8822F3D53F9005F74EA /* OnboardingStore.swift in Sources */ = {isa = PBXBuildFile; fileRef = 122CC8082F3D53F9005F74EA /* OnboardingStore.swift */; };
		122CC8832F3D53F9005F74EA /* FeatureTourManager.swift in Sources */ = {isa = PBXBuildFile; fileRef = 122CC8092F3D53F9005F74EA /* FeatureTourManager.swift */; };
		122CC8842F3D53F9005F74EA /* AuthView.swift in Sources */ = {isa = PBXBuildFile; fileRef = 122CC80B2F3D53F9005F74EA /* AuthView.swift */; };
		122CC8852F3D53F9005F74EA /* APIService.swift in Sources */ = {isa = PBXBuildFile; fileRef = 122CC80C2F3D53F9005F74EA /* APIService.swift */; };
		122CC8862F3D53F9005F74EA /* GoalContractStore.swift in Sources */ = {isa = PBXBuildFile; fileRef = 122CC80D2F3D53F9005F74EA /* GoalContractStore.swift */; };
		122CC8872F3D53F9005F74EA /* ExerciseStore.swift in Sources */ = {isa = PBXBuildFile; fileRef = 122CC80E2F3D53F9005F74EA /* ExerciseStore.swift */; };
		122CC8882F3D53F9005F74EA /* WorkoutSessionStore.swift in Sources */ = {isa = PBXBuildFile; fileRef = 122CC80F2F3D53F9005F74EA /* WorkoutSessionStore.swift */; };
		122CC8892F3D53F9005F74EA /* AgentService.swift in Sources */ = {isa = PBXBuildFile; fileRef = 122CC8102F3D53F9005F74EA /* AgentService.swift */; };
		122CC88A2F3D53F9005F74EA /* UserSettings.swift in Sources */ = {isa = PBXBuildFile; fileRef = 122CC8112F3D53F9005F74EA /* UserSettings.swift */; };
		122CC88B2F3D53F9005F74EA /* AppStateCoordinator.swift in Sources */ = {isa = PBXBuildFile; fileRef = 122CC8122F3D53F9005F74EA /* AppStateCoordinator.swift */; };
		122CC88C2F3D53F9005F74EA /* AssistantOverlayManager.swift in Sources */ = {isa = PBXBuildFile; fileRef = 122CC8132F3D53F9005F74EA /* AssistantOverlayManager.swift */; };
		122CC88D2F3D53F9005F74EA /* AssessmentSessionStore.swift in Sources */ = {isa = PBXBuildFile; fileRef = 122CC8142F3D53F9005F74EA /* AssessmentSessionStore.swift */; };
		122CC88E2F3D53F9005F74EA /* UserDataStore.swift in Sources */ = {isa = PBXBuildFile; fileRef = 122CC8152F3D53F9005F74EA /* UserDataStore.swift */; };
		122CC88F2F3D53F9005F74EA /* LocationService.swift in Sources */ = {isa = PBXBuildFile; fileRef = 122CC8162F3D53F9005F74EA /* LocationService.swift */; };
		12541A072F2C59B90020EF78 /* AI Personal Trainer AppTests in Resources */ = {isa = PBXBuildFile; fileRef = 12541A062F2C59B90020EF78 /* AI Personal Trainer AppTests */; };
		12541A0B2F2C59D30020EF78 /* AI Personal Trainer AppUITests in Resources */ = {isa = PBXBuildFile; fileRef = 12541A0A2F2C59D30020EF78 /* AI Personal Trainer AppUITests */; };
		12761C732E579CEF00C4F8FE /* Supabase in Frameworks */ = {isa = PBXBuildFile; productRef = 12761C722E579CEF00C4F8FE /* Supabase */; };
/* End PBXBuildFile section */

/* Begin PBXContainerItemProxy section */
		12761C522E57953B00C4F8FE /* PBXContainerItemProxy */ = {
			isa = PBXContainerItemProxy;
			containerPortal = 12761C392E57953800C4F8FE /* Project object */;
			proxyType = 1;
			remoteGlobalIDString = 12761C402E57953800C4F8FE;
			remoteInfo = "AI Personal Trainer App";
		};
		12761C5C2E57953B00C4F8FE /* PBXContainerItemProxy */ = {
			isa = PBXContainerItemProxy;
			containerPortal = 12761C392E57953800C4F8FE /* Project object */;
			proxyType = 1;
			remoteGlobalIDString = 12761C402E57953800C4F8FE;
			remoteInfo = "AI Personal Trainer App";
		};
/* End PBXContainerItemProxy section */

/* Begin PBXFileReference section */
		122CC7842F3D53F9005F74EA /* HapticManager.swift */ = {isa = PBXFileReference; fileEncoding = 4; lastKnownFileType = sourcecode.swift; path = HapticManager.swift; sourceTree = "<group>"; };
		122CC7862F3D53F9005F74EA /* Color+Extensions.swift */ = {isa = PBXFileReference; fileEncoding = 4; lastKnownFileType = sourcecode.swift; path = "Color+Extensions.swift"; sourceTree = "<group>"; };
		122CC7882F3D53F9005F74EA /* SpeechManager.swift */ = {isa = PBXFileReference; fileEncoding = 4; lastKnownFileType = sourcecode.swift; path = SpeechManager.swift; sourceTree = "<group>"; };
		122CC78A2F3D53F9005F74EA /* AppTheme.swift */ = {isa = PBXFileReference; fileEncoding = 4; lastKnownFileType = sourcecode.swift; path = AppTheme.swift; sourceTree = "<group>"; };
		122CC78B2F3D53F9005F74EA /* ShimmerEffect.swift */ = {isa = PBXFileReference; fileEncoding = 4; lastKnownFileType = sourcecode.swift; path = ShimmerEffect.swift; sourceTree = "<group>"; };
		122CC78D2F3D53F9005F74EA /* AppView.swift */ = {isa = PBXFileReference; fileEncoding = 4; lastKnownFileType = sourcecode.swift; path = AppView.swift; sourceTree = "<group>"; };
		122CC78E2F3D53F9005F74EA /* supabase.swift */ = {isa = PBXFileReference; fileEncoding = 4; lastKnownFileType = sourcecode.swift; path = supabase.swift; sourceTree = "<group>"; };
		122CC7912F3D53F9005F74EA /* AssistantOverlayView.swift */ = {isa = PBXFileReference; fileEncoding = 4; lastKnownFileType = sourcecode.swift; path = AssistantOverlayView.swift; sourceTree = "<group>"; };
		122CC7932F3D53F9005F74EA /* MinimizedResponsePill.swift */ = {isa = PBXFileReference; fileEncoding = 4; lastKnownFileType = sourcecode.swift; path = MinimizedResponsePill.swift; sourceTree = "<group>"; };
		122CC7942F3D53F9005F74EA /* QuestionOptionsView.swift */ = {isa = PBXFileReference; fileEncoding = 4; lastKnownFileType = sourcecode.swift; path = QuestionOptionsView.swift; sourceTree = "<group>"; };
		122CC7952F3D53F9005F74EA /* CollapsedStepsSummary.swift */ = {isa = PBXFileReference; fileEncoding = 4; lastKnownFileType = sourcecode.swift; path = CollapsedStepsSummary.swift; sourceTree = "<group>"; };
		122CC7962F3D53F9005F74EA /* FloatingMessageStack.swift */ = {isa = PBXFileReference; fileEncoding = 4; lastKnownFileType = sourcecode.swift; path = FloatingMessageStack.swift; sourceTree = "<group>"; };
		122CC7972F3D53F9005F74EA /* ChatInputBar.swift */ = {isa = PBXFileReference; fileEncoding = 4; lastKnownFileType = sourcecode.swift; path = ChatInputBar.swift; sourceTree = "<group>"; };
		122CC7982F3D53F9005F74EA /* MessageBubble.swift */ = {isa = PBXFileReference; fileEncoding = 4; lastKnownFileType = sourcecode.swift; path = MessageBubble.swift; sourceTree = "<group>"; };
		122CC7992F3D53F9005F74EA /* ArtifactCard.swift */ = {isa = PBXFileReference; fileEncoding = 4; lastKnownFileType = sourcecode.swift; path = ArtifactCard.swift; sourceTree = "<group>"; };
		122CC79A2F3D53F9005F74EA /* StreamingStepsLine.swift */ = {isa = PBXFileReference; fileEncoding = 4; lastKnownFileType = sourcecode.swift; path = StreamingStepsLine.swift; sourceTree = "<group>"; };
		122CC79B2F3D53F9005F74EA /* InlineStepsView.swift */ = {isa = PBXFileReference; fileEncoding = 4; lastKnownFileType = sourcecode.swift; path = InlineStepsView.swift; sourceTree = "<group>"; };
		122CC79C2F3D53F9005F74EA /* AssistantView.swift */ = {isa = PBXFileReference; fileEncoding = 4; lastKnownFileType = sourcecode.swift; path = AssistantView.swift; sourceTree = "<group>"; };
		122CC79E2F3D53F9005F74EA /* WorkoutCoachSheets.swift */ = {isa = PBXFileReference; fileEncoding = 4; lastKnownFileType = sourcecode.swift; path = WorkoutCoachSheets.swift; sourceTree = "<group>"; };
		122CC79F2F3D53F9005F74EA /* HomeView.swift */ = {isa = PBXFileReference; fileEncoding = 4; lastKnownFileType = sourcecode.swift; path = HomeView.swift; sourceTree = "<group>"; };
		122CC7A12F3D53F9005F74EA /* WorkoutPill.swift */ = {isa = PBXFileReference; fileEncoding = 4; lastKnownFileType = sourcecode.swift; path = WorkoutPill.swift; sourceTree = "<group>"; };
		122CC7A22F3D53F9005F74EA /* BodyweightExerciseView.swift */ = {isa = PBXFileReference; fileEncoding = 4; lastKnownFileType = sourcecode.swift; path = BodyweightExerciseView.swift; sourceTree = "<group>"; };
		122CC7A32F3D53F9005F74EA /* GlowingOrbButton.swift */ = {isa = PBXFileReference; fileEncoding = 4; lastKnownFileType = sourcecode.swift; path = GlowingOrbButton.swift; sourceTree = "<group>"; };
		122CC7A42F3D53F9005F74EA /* StrengthExerciseView.swift */ = {isa = PBXFileReference; fileEncoding = 4; lastKnownFileType = sourcecode.swift; path = StrengthExerciseView.swift; sourceTree = "<group>"; };
		122CC7A52F3D53F9005F74EA /* AIMessageView.swift */ = {isa = PBXFileReference; fileEncoding = 4; lastKnownFileType = sourcecode.swift; path = AIMessageView.swift; sourceTree = "<group>"; };
		122CC7A62F3D53F9005F74EA /* IsometricExerciseView.swift */ = {isa = PBXFileReference; fileEncoding = 4; lastKnownFileType = sourcecode.swift; path = IsometricExerciseView.swift; sourceTree = "<group>"; };
		122CC7A72F3D53F9005F74EA /* DurationExerciseView.swift */ = {isa = PBXFileReference; fileEncoding = 4; lastKnownFileType = sourcecode.swift; path = DurationExerciseView.swift; sourceTree = "<group>"; };
		122CC7A82F3D53F9005F74EA /* ExerciseDotTracker.swift */ = {isa = PBXFileReference; fileEncoding = 4; lastKnownFileType = sourcecode.swift; path = ExerciseDotTracker.swift; sourceTree = "<group>"; };
		122CC7A92F3D53F9005F74EA /* AIMessageSkeleton.swift */ = {isa = PBXFileReference; fileEncoding = 4; lastKnownFileType = sourcecode.swift; path = AIMessageSkeleton.swift; sourceTree = "<group>"; };
		122CC7AA2F3D53F9005F74EA /* ExerciseCard.swift */ = {isa = PBXFileReference; fileEncoding = 4; lastKnownFileType = sourcecode.swift; path = ExerciseCard.swift; sourceTree = "<group>"; };
		122CC7AB2F3D53F9005F74EA /* IntervalsExerciseView.swift */ = {isa = PBXFileReference; fileEncoding = 4; lastKnownFileType = sourcecode.swift; path = IntervalsExerciseView.swift; sourceTree = "<group>"; };
		122CC7AC2F3D53F9005F74EA /* ExpandableDescriptionView.swift */ = {isa = PBXFileReference; fileEncoding = 4; lastKnownFileType = sourcecode.swift; path = ExpandableDescriptionView.swift; sourceTree = "<group>"; };
		122CC7AE2F3D53F9005F74EA /* WritingModeView.swift */ = {isa = PBXFileReference; fileEncoding = 4; lastKnownFileType = sourcecode.swift; path = WritingModeView.swift; sourceTree = "<group>"; };
		122CC7B02F3D53F9005F74EA /* ProfileView.swift */ = {isa = PBXFileReference; fileEncoding = 4; lastKnownFileType = sourcecode.swift; path = ProfileView.swift; sourceTree = "<group>"; };
		122CC7B32F3D53F9005F74EA /* CurrentLocationPill.swift */ = {isa = PBXFileReference; fileEncoding = 4; lastKnownFileType = sourcecode.swift; path = CurrentLocationPill.swift; sourceTree = "<group>"; };
		122CC7B42F3D53F9005F74EA /* EquipmentInputView.swift */ = {isa = PBXFileReference; fileEncoding = 4; lastKnownFileType = sourcecode.swift; path = EquipmentInputView.swift; sourceTree = "<group>"; };
		122CC7B62F3D53F9005F74EA /* LocationMapPickerView.swift */ = {isa = PBXFileReference; fileEncoding = 4; lastKnownFileType = sourcecode.swift; path = LocationMapPickerView.swift; sourceTree = "<group>"; };
		122CC7B72F3D53F9005F74EA /* LocationEditorView.swift */ = {isa = PBXFileReference; fileEncoding = 4; lastKnownFileType = sourcecode.swift; path = LocationEditorView.swift; sourceTree = "<group>"; };
		122CC7B82F3D53F9005F74EA /* LocationsListSheet.swift */ = {isa = PBXFileReference; fileEncoding = 4; lastKnownFileType = sourcecode.swift; path = LocationsListSheet.swift; sourceTree = "<group>"; };
		122CC7BA2F3D53F9005F74EA /* FeatureTourOverlay.swift */ = {isa = PBXFileReference; fileEncoding = 4; lastKnownFileType = sourcecode.swift; path = FeatureTourOverlay.swift; sourceTree = "<group>"; };
		122CC7BD2F3D53F9005F74EA /* ExerciseDetailSheet.swift */ = {isa = PBXFileReference; fileEncoding = 4; lastKnownFileType = sourcecode.swift; path = ExerciseDetailSheet.swift; sourceTree = "<group>"; };
		122CC7BE2F3D53F9005F74EA /* StatsView.swift */ = {isa = PBXFileReference; fileEncoding = 4; lastKnownFileType = sourcecode.swift; path = StatsView.swift; sourceTree = "<group>"; };
		122CC7C02F3D53F9005F74EA /* TrainerDataHubView.swift */ = {isa = PBXFileReference; fileEncoding = 4; lastKnownFileType = sourcecode.swift; path = TrainerDataHubView.swift; sourceTree = "<group>"; };
		122CC7C12F3D53F9005F74EA /* TrainerMonitoringViews.swift */ = {isa = PBXFileReference; fileEncoding = 4; lastKnownFileType = sourcecode.swift; path = TrainerMonitoringViews.swift; sourceTree = "<group>"; };
		122CC7C22F3D53F9005F74EA /* TrainerJourneyView.swift */ = {isa = PBXFileReference; fileEncoding = 4; lastKnownFileType = sourcecode.swift; path = TrainerJourneyView.swift; sourceTree = "<group>"; };
		122CC7C42F3D53F9005F74EA /* OnboardingCoordinatorView.swift */ = {isa = PBXFileReference; fileEncoding = 4; lastKnownFileType = sourcecode.swift; path = OnboardingCoordinatorView.swift; sourceTree = "<group>"; };
		122CC7C52F3D53F9005F74EA /* ProcessOverviewView.swift */ = {isa = PBXFileReference; fileEncoding = 4; lastKnownFileType = sourcecode.swift; path = ProcessOverviewView.swift; sourceTree = "<group>"; };
		122CC7C62F3D53F9005F74EA /* OnboardingResumeView.swift */ = {isa = PBXFileReference; fileEncoding = 4; lastKnownFileType = sourcecode.swift; path = OnboardingResumeView.swift; sourceTree = "<group>"; };
		122CC7C72F3D53F9005F74EA /* OnboardingAuthView.swift */ = {isa = PBXFileReference; fileEncoding = 4; lastKnownFileType = sourcecode.swift; path = OnboardingAuthView.swift; sourceTree = "<group>"; };
		122CC7C82F3D53F9005F74EA /* IntakeCoordinatorView.swift */ = {isa = PBXFileReference; fileEncoding = 4; lastKnownFileType = sourcecode.swift; path = IntakeCoordinatorView.swift; sourceTree = "<group>"; };
		122CC7C92F3D53F9005F74EA /* OTPVerificationView.swift */ = {isa = PBXFileReference; fileEncoding = 4; lastKnownFileType = sourcecode.swift; path = OTPVerificationView.swift; sourceTree = "<group>"; };
		122CC7CA2F3D53F9005F74EA /* NotificationPermissionView.swift */ = {isa = PBXFileReference; fileEncoding = 4; lastKnownFileType = sourcecode.swift; path = NotificationPermissionView.swift; sourceTree = "<group>"; };
		122CC7CB2F3D53F9005F74EA /* OnboardingSuccessView.swift */ = {isa = PBXFileReference; fileEncoding = 4; lastKnownFileType = sourcecode.swift; path = OnboardingSuccessView.swift; sourceTree = "<group>"; };
		122CC7CC2F3D53F9005F74EA /* ProgramReviewView.swift */ = {isa = PBXFileReference; fileEncoding = 4; lastKnownFileType = sourcecode.swift; path = ProgramReviewView.swift; sourceTree = "<group>"; };
		122CC7CE2F3D53F9005F74EA /* TextInputScreenView.swift */ = {isa = PBXFileReference; fileEncoding = 4; lastKnownFileType = sourcecode.swift; path = TextInputScreenView.swift; sourceTree = "<group>"; };
		122CC7CF2F3D53F9005F74EA /* WeightPickerScreenView.swift */ = {isa = PBXFileReference; fileEncoding = 4; lastKnownFileType = sourcecode.swift; path = WeightPickerScreenView.swift; sourceTree = "<group>"; };
		122CC7D02F3D53F9005F74EA /* BirthdayPickerScreenView.swift */ = {isa = PBXFileReference; fileEncoding = 4; lastKnownFileType = sourcecode.swift; path = BirthdayPickerScreenView.swift; sourceTree = "<group>"; };
		122CC7D12F3D53F9005F74EA /* SimpleSelectScreenView.swift */ = {isa = PBXFileReference; fileEncoding = 4; lastKnownFileType = sourcecode.swift; path = SimpleSelectScreenView.swift; sourceTree = "<group>"; };
		122CC7D22F3D53F9005F74EA /* GuidedVoiceScreenView.swift */ = {isa = PBXFileReference; fileEncoding = 4; lastKnownFileType = sourcecode.swift; path = GuidedVoiceScreenView.swift; sourceTree = "<group>"; };
		122CC7D32F3D53F9005F74EA /* IntroNarrationView.swift */ = {isa = PBXFileReference; fileEncoding = 4; lastKnownFileType = sourcecode.swift; path = IntroNarrationView.swift; sourceTree = "<group>"; };
		122CC7D42F3D53F9005F74EA /* HeightPickerScreenView.swift */ = {isa = PBXFileReference; fileEncoding = 4; lastKnownFileType = sourcecode.swift; path = HeightPickerScreenView.swift; sourceTree = "<group>"; };
		122CC7D52F3D53F9005F74EA /* VoiceScreenView.swift */ = {isa = PBXFileReference; fileEncoding = 4; lastKnownFileType = sourcecode.swift; path = VoiceScreenView.swift; sourceTree = "<group>"; };
		122CC7D62F3D53F9005F74EA /* IntakeCompleteScreenView.swift */ = {isa = PBXFileReference; fileEncoding = 4; lastKnownFileType = sourcecode.swift; path = IntakeCompleteScreenView.swift; sourceTree = "<group>"; };
		122CC7D72F3D53F9005F74EA /* IntroCTAView.swift */ = {isa = PBXFileReference; fileEncoding = 4; lastKnownFileType = sourcecode.swift; path = IntroCTAView.swift; sourceTree = "<group>"; };
		122CC7D82F3D53F9005F74EA /* IntroHeroView.swift */ = {isa = PBXFileReference; fileEncoding = 4; lastKnownFileType = sourcecode.swift; path = IntroHeroView.swift; sourceTree = "<group>"; };
		122CC7D92F3D53F9005F74EA /* GoalReviewView.swift */ = {isa = PBXFileReference; fileEncoding = 4; lastKnownFileType = sourcecode.swift; path = GoalReviewView.swift; sourceTree = "<group>"; };
		122CC7DA2F3D53F9005F74EA /* Assets.xcassets */ = {isa = PBXFileReference; lastKnownFileType = folder.assetcatalog; path = Assets.xcassets; sourceTree = "<group>"; };
		122CC7DD2F3D53F9005F74EA /* WaveformView.swift */ = {isa = PBXFileReference; fileEncoding = 4; lastKnownFileType = sourcecode.swift; path = WaveformView.swift; sourceTree = "<group>"; };
		122CC7DE2F3D53F9005F74EA /* OnboardingErrorCard.swift */ = {isa = PBXFileReference; fileEncoding = 4; lastKnownFileType = sourcecode.swift; path = OnboardingErrorCard.swift; sourceTree = "<group>"; };
		122CC7DF2F3D53F9005F74EA /* SegmentedProgressBar.swift */ = {isa = PBXFileReference; fileEncoding = 4; lastKnownFileType = sourcecode.swift; path = SegmentedProgressBar.swift; sourceTree = "<group>"; };
		122CC7E02F3D53F9005F74EA /* StepProgressBar.swift */ = {isa = PBXFileReference; fileEncoding = 4; lastKnownFileType = sourcecode.swift; path = StepProgressBar.swift; sourceTree = "<group>"; };
		122CC7E12F3D53F9005F74EA /* PillsRow.swift */ = {isa = PBXFileReference; fileEncoding = 4; lastKnownFileType = sourcecode.swift; path = PillsRow.swift; sourceTree = "<group>"; };
		122CC7E22F3D53F9005F74EA /* OnboardingTopBar.swift */ = {isa = PBXFileReference; fileEncoding = 4; lastKnownFileType = sourcecode.swift; path = OnboardingTopBar.swift; sourceTree = "<group>"; };
		122CC7E32F3D53F9005F74EA /* OTPCodeField.swift */ = {isa = PBXFileReference; fileEncoding = 4; lastKnownFileType = sourcecode.swift; path = OTPCodeField.swift; sourceTree = "<group>"; };
		122CC7E42F3D53F9005F74EA /* ExpandingFabMenu.swift */ = {isa = PBXFileReference; fileEncoding = 4; lastKnownFileType = sourcecode.swift; path = ExpandingFabMenu.swift; sourceTree = "<group>"; };
		122CC7E52F3D53F9005F74EA /* TypewriterTextView.swift */ = {isa = PBXFileReference; fileEncoding = 4; lastKnownFileType = sourcecode.swift; path = TypewriterTextView.swift; sourceTree = "<group>"; };
		122CC7E62F3D53F9005F74EA /* FloatingAIButton.swift */ = {isa = PBXFileReference; fileEncoding = 4; lastKnownFileType = sourcecode.swift; path = FloatingAIButton.swift; sourceTree = "<group>"; };
		122CC7E72F3D53F9005F74EA /* ToastView.swift */ = {isa = PBXFileReference; fileEncoding = 4; lastKnownFileType = sourcecode.swift; path = ToastView.swift; sourceTree = "<group>"; };
		122CC7E82F3D53F9005F74EA /* ThinTopBar.swift */ = {isa = PBXFileReference; fileEncoding = 4; lastKnownFileType = sourcecode.swift; path = ThinTopBar.swift; sourceTree = "<group>"; };
		122CC7E92F3D53F9005F74EA /* SideDrawerView.swift */ = {isa = PBXFileReference; fileEncoding = 4; lastKnownFileType = sourcecode.swift; path = SideDrawerView.swift; sourceTree = "<group>"; };
		122CC7EA2F3D53F9005F74EA /* OnboardingProgressBar.swift */ = {isa = PBXFileReference; fileEncoding = 4; lastKnownFileType = sourcecode.swift; path = OnboardingProgressBar.swift; sourceTree = "<group>"; };
		122CC7EB2F3D53F9005F74EA /* VoiceBottomBar.swift */ = {isa = PBXFileReference; fileEncoding = 4; lastKnownFileType = sourcecode.swift; path = VoiceBottomBar.swift; sourceTree = "<group>"; };
		122CC7EC2F3D53F9005F74EA /* UnitToggle.swift */ = {isa = PBXFileReference; fileEncoding = 4; lastKnownFileType = sourcecode.swift; path = UnitToggle.swift; sourceTree = "<group>"; };
		122CC7ED2F3D53F9005F74EA /* OnboardingOrbView.swift */ = {isa = PBXFileReference; fileEncoding = 4; lastKnownFileType = sourcecode.swift; path = OnboardingOrbView.swift; sourceTree = "<group>"; };
		122CC7EE2F3D53F9005F74EA /* ChevronButton.swift */ = {isa = PBXFileReference; fileEncoding = 4; lastKnownFileType = sourcecode.swift; path = ChevronButton.swift; sourceTree = "<group>"; };
		122CC7EF2F3D53F9005F74EA /* LoadingStateView.swift */ = {isa = PBXFileReference; fileEncoding = 4; lastKnownFileType = sourcecode.swift; path = LoadingStateView.swift; sourceTree = "<group>"; };
		122CC7F12F3D53F9005F74EA /* WorkoutSessionModels.swift */ = {isa = PBXFileReference; fileEncoding = 4; lastKnownFileType = sourcecode.swift; path = WorkoutSessionModels.swift; sourceTree = "<group>"; };
		122CC7F22F3D53F9005F74EA /* Location.swift */ = {isa = PBXFileReference; fileEncoding = 4; lastKnownFileType = sourcecode.swift; path = Location.swift; sourceTree = "<group>"; };
		122CC7F32F3D53F9005F74EA /* LocalIntakeData.swift */ = {isa = PBXFileReference; fileEncoding = 4; lastKnownFileType = sourcecode.swift; path = LocalIntakeData.swift; sourceTree = "<group>"; };
		122CC7F42F3D53F9005F74EA /* OnboardingModels.swift */ = {isa = PBXFileReference; fileEncoding = 4; lastKnownFileType = sourcecode.swift; path = OnboardingModels.swift; sourceTree = "<group>"; };
		122CC7F52F3D53F9005F74EA /* APIModels.swift */ = {isa = PBXFileReference; fileEncoding = 4; lastKnownFileType = sourcecode.swift; path = APIModels.swift; sourceTree = "<group>"; };
		122CC7F62F3D53F9005F74EA /* IntakeModels.swift */ = {isa = PBXFileReference; fileEncoding = 4; lastKnownFileType = sourcecode.swift; path = IntakeModels.swift; sourceTree = "<group>"; };
		122CC7F72F3D53F9005F74EA /* OnboardingScreenData.swift */ = {isa = PBXFileReference; fileEncoding = 4; lastKnownFileType = sourcecode.swift; path = OnboardingScreenData.swift; sourceTree = "<group>"; };
		122CC7F82F3D53F9005F74EA /* AssessmentModels.swift */ = {isa = PBXFileReference; fileEncoding = 4; lastKnownFileType = sourcecode.swift; path = AssessmentModels.swift; sourceTree = "<group>"; };
		122CC7F92F3D53F9005F74EA /* Exercise.swift */ = {isa = PBXFileReference; fileEncoding = 4; lastKnownFileType = sourcecode.swift; path = Exercise.swift; sourceTree = "<group>"; };
		122CC7FA2F3D53F9005F74EA /* JourneyModels.swift */ = {isa = PBXFileReference; fileEncoding = 4; lastKnownFileType = sourcecode.swift; path = JourneyModels.swift; sourceTree = "<group>"; };
		122CC7FB2F3D53F9005F74EA /* ProgramModels.swift */ = {isa = PBXFileReference; fileEncoding = 4; lastKnownFileType = sourcecode.swift; path = ProgramModels.swift; sourceTree = "<group>"; };
		122CC7FC2F3D53F9005F74EA /* UIExercise.swift */ = {isa = PBXFileReference; fileEncoding = 4; lastKnownFileType = sourcecode.swift; path = UIExercise.swift; sourceTree = "<group>"; };
		122CC7FD2F3D53F9005F74EA /* CodableValue+Helpers.swift */ = {isa = PBXFileReference; fileEncoding = 4; lastKnownFileType = sourcecode.swift; path = "CodableValue+Helpers.swift"; sourceTree = "<group>"; };
		122CC7FE2F3D53F9005F74EA /* GoalModels.swift */ = {isa = PBXFileReference; fileEncoding = 4; lastKnownFileType = sourcecode.swift; path = GoalModels.swift; sourceTree = "<group>"; };
		122CC7FF2F3D53F9005F74EA /* MonitoringModels.swift */ = {isa = PBXFileReference; fileEncoding = 4; lastKnownFileType = sourcecode.swift; path = MonitoringModels.swift; sourceTree = "<group>"; };
		122CC8002F3D53F9005F74EA /* CheckinModels.swift */ = {isa = PBXFileReference; fileEncoding = 4; lastKnownFileType = sourcecode.swift; path = CheckinModels.swift; sourceTree = "<group>"; };
		122CC8012F3D53F9005F74EA /* WorkoutHistory.swift */ = {isa = PBXFileReference; fileEncoding = 4; lastKnownFileType = sourcecode.swift; path = WorkoutHistory.swift; sourceTree = "<group>"; };
		122CC8022F3D53F9005F74EA /* AgentModels.swift */ = {isa = PBXFileReference; fileEncoding = 4; lastKnownFileType = sourcecode.swift; path = AgentModels.swift; sourceTree = "<group>"; };
		122CC8042F3D53F9005F74EA /* Preview Assets.xcassets */ = {isa = PBXFileReference; lastKnownFileType = folder.assetcatalog; path = "Preview Assets.xcassets"; sourceTree = "<group>"; };
		122CC8052F3D53F9005F74EA /* AI_Personal_Trainer_AppApp.swift */ = {isa = PBXFileReference; fileEncoding = 4; lastKnownFileType = sourcecode.swift; path = AI_Personal_Trainer_AppApp.swift; sourceTree = "<group>"; };
		122CC8072F3D53F9005F74EA /* TrainingProgramStore.swift */ = {isa = PBXFileReference; fileEncoding = 4; lastKnownFileType = sourcecode.swift; path = TrainingProgramStore.swift; sourceTree = "<group>"; };
		122CC8082F3D53F9005F74EA /* OnboardingStore.swift */ = {isa = PBXFileReference; fileEncoding = 4; lastKnownFileType = sourcecode.swift; path = OnboardingStore.swift; sourceTree = "<group>"; };
		122CC8092F3D53F9005F74EA /* FeatureTourManager.swift */ = {isa = PBXFileReference; fileEncoding = 4; lastKnownFileType = sourcecode.swift; path = FeatureTourManager.swift; sourceTree = "<group>"; };
		122CC80B2F3D53F9005F74EA /* AuthView.swift */ = {isa = PBXFileReference; fileEncoding = 4; lastKnownFileType = sourcecode.swift; path = AuthView.swift; sourceTree = "<group>"; };
		122CC80C2F3D53F9005F74EA /* APIService.swift */ = {isa = PBXFileReference; fileEncoding = 4; lastKnownFileType = sourcecode.swift; path = APIService.swift; sourceTree = "<group>"; };
		122CC80D2F3D53F9005F74EA /* GoalContractStore.swift */ = {isa = PBXFileReference; fileEncoding = 4; lastKnownFileType = sourcecode.swift; path = GoalContractStore.swift; sourceTree = "<group>"; };
		122CC80E2F3D53F9005F74EA /* ExerciseStore.swift */ = {isa = PBXFileReference; fileEncoding = 4; lastKnownFileType = sourcecode.swift; path = ExerciseStore.swift; sourceTree = "<group>"; };
		122CC80F2F3D53F9005F74EA /* WorkoutSessionStore.swift */ = {isa = PBXFileReference; fileEncoding = 4; lastKnownFileType = sourcecode.swift; path = WorkoutSessionStore.swift; sourceTree = "<group>"; };
		122CC8102F3D53F9005F74EA /* AgentService.swift */ = {isa = PBXFileReference; fileEncoding = 4; lastKnownFileType = sourcecode.swift; path = AgentService.swift; sourceTree = "<group>"; };
		122CC8112F3D53F9005F74EA /* UserSettings.swift */ = {isa = PBXFileReference; fileEncoding = 4; lastKnownFileType = sourcecode.swift; path = UserSettings.swift; sourceTree = "<group>"; };
		122CC8122F3D53F9005F74EA /* AppStateCoordinator.swift */ = {isa = PBXFileReference; fileEncoding = 4; lastKnownFileType = sourcecode.swift; path = AppStateCoordinator.swift; sourceTree = "<group>"; };
		122CC8132F3D53F9005F74EA /* AssistantOverlayManager.swift */ = {isa = PBXFileReference; fileEncoding = 4; lastKnownFileType = sourcecode.swift; path = AssistantOverlayManager.swift; sourceTree = "<group>"; };
		122CC8142F3D53F9005F74EA /* AssessmentSessionStore.swift */ = {isa = PBXFileReference; fileEncoding = 4; lastKnownFileType = sourcecode.swift; path = AssessmentSessionStore.swift; sourceTree = "<group>"; };
		122CC8152F3D53F9005F74EA /* UserDataStore.swift */ = {isa = PBXFileReference; fileEncoding = 4; lastKnownFileType = sourcecode.swift; path = UserDataStore.swift; sourceTree = "<group>"; };
		122CC8162F3D53F9005F74EA /* LocationService.swift */ = {isa = PBXFileReference; fileEncoding = 4; lastKnownFileType = sourcecode.swift; path = LocationService.swift; sourceTree = "<group>"; };
		12541A062F2C59B90020EF78 /* AI Personal Trainer AppTests */ = {isa = PBXFileReference; lastKnownFileType = folder; path = "AI Personal Trainer AppTests"; sourceTree = "<group>"; };
		12541A0A2F2C59D30020EF78 /* AI Personal Trainer AppUITests */ = {isa = PBXFileReference; lastKnownFileType = folder; path = "AI Personal Trainer AppUITests"; sourceTree = "<group>"; };
		12761C412E57953800C4F8FE /* AI Personal Trainer App.app */ = {isa = PBXFileReference; explicitFileType = wrapper.application; includeInIndex = 0; path = "AI Personal Trainer App.app"; sourceTree = BUILT_PRODUCTS_DIR; };
		12761C512E57953B00C4F8FE /* AI Personal Trainer AppTests.xctest */ = {isa = PBXFileReference; explicitFileType = wrapper.cfbundle; includeInIndex = 0; path = "AI Personal Trainer AppTests.xctest"; sourceTree = BUILT_PRODUCTS_DIR; };
		12761C5B2E57953B00C4F8FE /* AI Personal Trainer AppUITests.xctest */ = {isa = PBXFileReference; explicitFileType = wrapper.cfbundle; includeInIndex = 0; path = "AI Personal Trainer AppUITests.xctest"; sourceTree = BUILT_PRODUCTS_DIR; };
/* End PBXFileReference section */

/* Begin PBXFrameworksBuildPhase section */
		12761C3E2E57953800C4F8FE /* Frameworks */ = {
			isa = PBXFrameworksBuildPhase;
			buildActionMask = 2147483647;
			files = (
				12761C732E579CEF00C4F8FE /* Supabase in Frameworks */,
			);
			runOnlyForDeploymentPostprocessing = 0;
		};
		12761C4E2E57953B00C4F8FE /* Frameworks */ = {
			isa = PBXFrameworksBuildPhase;
			buildActionMask = 2147483647;
			files = (
			);
			runOnlyForDeploymentPostprocessing = 0;
		};
		12761C582E57953B00C4F8FE /* Frameworks */ = {
			isa = PBXFrameworksBuildPhase;
			buildActionMask = 2147483647;
			files = (
			);
			runOnlyForDeploymentPostprocessing = 0;
		};
/* End PBXFrameworksBuildPhase section */

/* Begin PBXGroup section */
		122CC7822F3D53F9005F74EA /* AI Personal Trainer App */ = {
			isa = PBXGroup;
			children = (
				122CC7832F3D53F9005F74EA /* Core */,
				122CC78C2F3D53F9005F74EA /* App */,
				122CC78F2F3D53F9005F74EA /* Features */,
				122CC7DA2F3D53F9005F74EA /* Assets.xcassets */,
				122CC7DB2F3D53F9005F74EA /* Shared */,
				122CC7F02F3D53F9005F74EA /* Models */,
				122CC8032F3D53F9005F74EA /* Preview Content */,
				122CC8052F3D53F9005F74EA /* AI_Personal_Trainer_AppApp.swift */,
				122CC8062F3D53F9005F74EA /* Services */,
			);
			path = "AI Personal Trainer App";
			sourceTree = "<group>";
		};
		122CC7832F3D53F9005F74EA /* Core */ = {
			isa = PBXGroup;
			children = (
				122CC7842F3D53F9005F74EA /* HapticManager.swift */,
				122CC7852F3D53F9005F74EA /* Extensions */,
				122CC7872F3D53F9005F74EA /* Voice */,
				122CC7892F3D53F9005F74EA /* Theme */,
			);
			path = Core;
			sourceTree = "<group>";
		};
		122CC7852F3D53F9005F74EA /* Extensions */ = {
			isa = PBXGroup;
			children = (
				122CC7862F3D53F9005F74EA /* Color+Extensions.swift */,
			);
			path = Extensions;
			sourceTree = "<group>";
		};
		122CC7872F3D53F9005F74EA /* Voice */ = {
			isa = PBXGroup;
			children = (
				122CC7882F3D53F9005F74EA /* SpeechManager.swift */,
			);
			path = Voice;
			sourceTree = "<group>";
		};
		122CC7892F3D53F9005F74EA /* Theme */ = {
			isa = PBXGroup;
			children = (
				122CC78A2F3D53F9005F74EA /* AppTheme.swift */,
				122CC78B2F3D53F9005F74EA /* ShimmerEffect.swift */,
			);
			path = Theme;
			sourceTree = "<group>";
		};
		122CC78C2F3D53F9005F74EA /* App */ = {
			isa = PBXGroup;
			children = (
				122CC78D2F3D53F9005F74EA /* AppView.swift */,
				122CC78E2F3D53F9005F74EA /* supabase.swift */,
			);
			path = App;
			sourceTree = "<group>";
		};
		122CC78F2F3D53F9005F74EA /* Features */ = {
			isa = PBXGroup;
			children = (
				122CC7902F3D53F9005F74EA /* Assistant */,
				122CC79D2F3D53F9005F74EA /* Home */,
				122CC7AD2F3D53F9005F74EA /* WritingMode */,
				122CC7AF2F3D53F9005F74EA /* Profile */,
				122CC7B12F3D53F9005F74EA /* Locations */,
				122CC7B92F3D53F9005F74EA /* FeatureTour */,
				122CC7BB2F3D53F9005F74EA /* Stats */,
				122CC7BF2F3D53F9005F74EA /* Trainer */,
				122CC7C32F3D53F9005F74EA /* Onboarding */,
			);
			path = Features;
			sourceTree = "<group>";
		};
		122CC7902F3D53F9005F74EA /* Assistant */ = {
			isa = PBXGroup;
			children = (
				122CC7912F3D53F9005F74EA /* AssistantOverlayView.swift */,
				122CC7922F3D53F9005F74EA /* Components */,
				122CC79C2F3D53F9005F74EA /* AssistantView.swift */,
			);
			path = Assistant;
			sourceTree = "<group>";
		};
		122CC7922F3D53F9005F74EA /* Components */ = {
			isa = PBXGroup;
			children = (
				122CC7932F3D53F9005F74EA /* MinimizedResponsePill.swift */,
				122CC7942F3D53F9005F74EA /* QuestionOptionsView.swift */,
				122CC7952F3D53F9005F74EA /* CollapsedStepsSummary.swift */,
				122CC7962F3D53F9005F74EA /* FloatingMessageStack.swift */,
				122CC7972F3D53F9005F74EA /* ChatInputBar.swift */,
				122CC7982F3D53F9005F74EA /* MessageBubble.swift */,
				122CC7992F3D53F9005F74EA /* ArtifactCard.swift */,
				122CC79A2F3D53F9005F74EA /* StreamingStepsLine.swift */,
				122CC79B2F3D53F9005F74EA /* InlineStepsView.swift */,
			);
			path = Components;
			sourceTree = "<group>";
		};
		122CC79D2F3D53F9005F74EA /* Home */ = {
			isa = PBXGroup;
			children = (
				122CC79E2F3D53F9005F74EA /* WorkoutCoachSheets.swift */,
				122CC79F2F3D53F9005F74EA /* HomeView.swift */,
				122CC7A02F3D53F9005F74EA /* Components */,
			);
			path = Home;
			sourceTree = "<group>";
		};
		122CC7A02F3D53F9005F74EA /* Components */ = {
			isa = PBXGroup;
			children = (
				122CC7A12F3D53F9005F74EA /* WorkoutPill.swift */,
				122CC7A22F3D53F9005F74EA /* BodyweightExerciseView.swift */,
				122CC7A32F3D53F9005F74EA /* GlowingOrbButton.swift */,
				122CC7A42F3D53F9005F74EA /* StrengthExerciseView.swift */,
				122CC7A52F3D53F9005F74EA /* AIMessageView.swift */,
				122CC7A62F3D53F9005F74EA /* IsometricExerciseView.swift */,
				122CC7A72F3D53F9005F74EA /* DurationExerciseView.swift */,
				122CC7A82F3D53F9005F74EA /* ExerciseDotTracker.swift */,
				122CC7A92F3D53F9005F74EA /* AIMessageSkeleton.swift */,
				122CC7AA2F3D53F9005F74EA /* ExerciseCard.swift */,
				122CC7AB2F3D53F9005F74EA /* IntervalsExerciseView.swift */,
				122CC7AC2F3D53F9005F74EA /* ExpandableDescriptionView.swift */,
			);
			path = Components;
			sourceTree = "<group>";
		};
		122CC7AD2F3D53F9005F74EA /* WritingMode */ = {
			isa = PBXGroup;
			children = (
				122CC7AE2F3D53F9005F74EA /* WritingModeView.swift */,
			);
			path = WritingMode;
			sourceTree = "<group>";
		};
		122CC7AF2F3D53F9005F74EA /* Profile */ = {
			isa = PBXGroup;
			children = (
				122CC7B02F3D53F9005F74EA /* ProfileView.swift */,
			);
			path = Profile;
			sourceTree = "<group>";
		};
		122CC7B12F3D53F9005F74EA /* Locations */ = {
			isa = PBXGroup;
			children = (
				122CC7B22F3D53F9005F74EA /* Components */,
				122CC7B52F3D53F9005F74EA /* Views */,
			);
			path = Locations;
			sourceTree = "<group>";
		};
		122CC7B22F3D53F9005F74EA /* Components */ = {
			isa = PBXGroup;
			children = (
				122CC7B32F3D53F9005F74EA /* CurrentLocationPill.swift */,
				122CC7B42F3D53F9005F74EA /* EquipmentInputView.swift */,
			);
			path = Components;
			sourceTree = "<group>";
		};
		122CC7B52F3D53F9005F74EA /* Views */ = {
			isa = PBXGroup;
			children = (
				122CC7B62F3D53F9005F74EA /* LocationMapPickerView.swift */,
				122CC7B72F3D53F9005F74EA /* LocationEditorView.swift */,
				122CC7B82F3D53F9005F74EA /* LocationsListSheet.swift */,
			);
			path = Views;
			sourceTree = "<group>";
		};
		122CC7B92F3D53F9005F74EA /* FeatureTour */ = {
			isa = PBXGroup;
			children = (
				122CC7BA2F3D53F9005F74EA /* FeatureTourOverlay.swift */,
			);
			path = FeatureTour;
			sourceTree = "<group>";
		};
		122CC7BB2F3D53F9005F74EA /* Stats */ = {
			isa = PBXGroup;
			children = (
				122CC7BC2F3D53F9005F74EA /* Components */,
				122CC7BE2F3D53F9005F74EA /* StatsView.swift */,
			);
			path = Stats;
			sourceTree = "<group>";
		};
		122CC7BC2F3D53F9005F74EA /* Components */ = {
			isa = PBXGroup;
			children = (
				122CC7BD2F3D53F9005F74EA /* ExerciseDetailSheet.swift */,
			);
			path = Components;
			sourceTree = "<group>";
		};
		122CC7BF2F3D53F9005F74EA /* Trainer */ = {
			isa = PBXGroup;
			children = (
				122CC7C02F3D53F9005F74EA /* TrainerDataHubView.swift */,
				122CC7C12F3D53F9005F74EA /* TrainerMonitoringViews.swift */,
				122CC7C22F3D53F9005F74EA /* TrainerJourneyView.swift */,
			);
			path = Trainer;
			sourceTree = "<group>";
		};
		122CC7C32F3D53F9005F74EA /* Onboarding */ = {
			isa = PBXGroup;
			children = (
				122CC7C42F3D53F9005F74EA /* OnboardingCoordinatorView.swift */,
				122CC7C52F3D53F9005F74EA /* ProcessOverviewView.swift */,
				122CC7C62F3D53F9005F74EA /* OnboardingResumeView.swift */,
				122CC7C72F3D53F9005F74EA /* OnboardingAuthView.swift */,
				122CC7C82F3D53F9005F74EA /* IntakeCoordinatorView.swift */,
				122CC7C92F3D53F9005F74EA /* OTPVerificationView.swift */,
				122CC7CA2F3D53F9005F74EA /* NotificationPermissionView.swift */,
				122CC7CB2F3D53F9005F74EA /* OnboardingSuccessView.swift */,
				122CC7CC2F3D53F9005F74EA /* ProgramReviewView.swift */,
				122CC7CD2F3D53F9005F74EA /* Screens */,
				122CC7D92F3D53F9005F74EA /* GoalReviewView.swift */,
			);
			path = Onboarding;
			sourceTree = "<group>";
		};
		122CC7CD2F3D53F9005F74EA /* Screens */ = {
			isa = PBXGroup;
			children = (
				122CC7CE2F3D53F9005F74EA /* TextInputScreenView.swift */,
				122CC7CF2F3D53F9005F74EA /* WeightPickerScreenView.swift */,
				122CC7D02F3D53F9005F74EA /* BirthdayPickerScreenView.swift */,
				122CC7D12F3D53F9005F74EA /* SimpleSelectScreenView.swift */,
				122CC7D22F3D53F9005F74EA /* GuidedVoiceScreenView.swift */,
				122CC7D32F3D53F9005F74EA /* IntroNarrationView.swift */,
				122CC7D42F3D53F9005F74EA /* HeightPickerScreenView.swift */,
				122CC7D52F3D53F9005F74EA /* VoiceScreenView.swift */,
				122CC7D62F3D53F9005F74EA /* IntakeCompleteScreenView.swift */,
				122CC7D72F3D53F9005F74EA /* IntroCTAView.swift */,
				122CC7D82F3D53F9005F74EA /* IntroHeroView.swift */,
			);
			path = Screens;
			sourceTree = "<group>";
		};
		122CC7DB2F3D53F9005F74EA /* Shared */ = {
			isa = PBXGroup;
			children = (
				122CC7DC2F3D53F9005F74EA /* Components */,
			);
			path = Shared;
			sourceTree = "<group>";
		};
		122CC7DC2F3D53F9005F74EA /* Components */ = {
			isa = PBXGroup;
			children = (
				122CC7DD2F3D53F9005F74EA /* WaveformView.swift */,
				122CC7DE2F3D53F9005F74EA /* OnboardingErrorCard.swift */,
				122CC7DF2F3D53F9005F74EA /* SegmentedProgressBar.swift */,
				122CC7E02F3D53F9005F74EA /* StepProgressBar.swift */,
				122CC7E12F3D53F9005F74EA /* PillsRow.swift */,
				122CC7E22F3D53F9005F74EA /* OnboardingTopBar.swift */,
				122CC7E32F3D53F9005F74EA /* OTPCodeField.swift */,
				122CC7E42F3D53F9005F74EA /* ExpandingFabMenu.swift */,
				122CC7E52F3D53F9005F74EA /* TypewriterTextView.swift */,
				122CC7E62F3D53F9005F74EA /* FloatingAIButton.swift */,
				122CC7E72F3D53F9005F74EA /* ToastView.swift */,
				122CC7E82F3D53F9005F74EA /* ThinTopBar.swift */,
				122CC7E92F3D53F9005F74EA /* SideDrawerView.swift */,
				122CC7EA2F3D53F9005F74EA /* OnboardingProgressBar.swift */,
				122CC7EB2F3D53F9005F74EA /* VoiceBottomBar.swift */,
				122CC7EC2F3D53F9005F74EA /* UnitToggle.swift */,
				122CC7ED2F3D53F9005F74EA /* OnboardingOrbView.swift */,
				122CC7EE2F3D53F9005F74EA /* ChevronButton.swift */,
				122CC7EF2F3D53F9005F74EA /* LoadingStateView.swift */,
			);
			path = Components;
			sourceTree = "<group>";
		};
		122CC7F02F3D53F9005F74EA /* Models */ = {
			isa = PBXGroup;
			children = (
				122CC7F12F3D53F9005F74EA /* WorkoutSessionModels.swift */,
				122CC7F22F3D53F9005F74EA /* Location.swift */,
				122CC7F32F3D53F9005F74EA /* LocalIntakeData.swift */,
				122CC7F42F3D53F9005F74EA /* OnboardingModels.swift */,
				122CC7F52F3D53F9005F74EA /* APIModels.swift */,
				122CC7F62F3D53F9005F74EA /* IntakeModels.swift */,
				122CC7F72F3D53F9005F74EA /* OnboardingScreenData.swift */,
				122CC7F82F3D53F9005F74EA /* AssessmentModels.swift */,
				122CC7F92F3D53F9005F74EA /* Exercise.swift */,
				122CC7FA2F3D53F9005F74EA /* JourneyModels.swift */,
				122CC7FB2F3D53F9005F74EA /* ProgramModels.swift */,
				122CC7FC2F3D53F9005F74EA /* UIExercise.swift */,
				122CC7FD2F3D53F9005F74EA /* CodableValue+Helpers.swift */,
				122CC7FE2F3D53F9005F74EA /* GoalModels.swift */,
				122CC7FF2F3D53F9005F74EA /* MonitoringModels.swift */,
				122CC8002F3D53F9005F74EA /* CheckinModels.swift */,
				122CC8012F3D53F9005F74EA /* WorkoutHistory.swift */,
				122CC8022F3D53F9005F74EA /* AgentModels.swift */,
			);
			path = Models;
			sourceTree = "<group>";
		};
		122CC8032F3D53F9005F74EA /* Preview Content */ = {
			isa = PBXGroup;
			children = (
				122CC8042F3D53F9005F74EA /* Preview Assets.xcassets */,
			);
			path = "Preview Content";
			sourceTree = "<group>";
		};
		122CC8062F3D53F9005F74EA /* Services */ = {
			isa = PBXGroup;
			children = (
				122CC8072F3D53F9005F74EA /* TrainingProgramStore.swift */,
				122CC8082F3D53F9005F74EA /* OnboardingStore.swift */,
				122CC8092F3D53F9005F74EA /* FeatureTourManager.swift */,
				122CC80A2F3D53F9005F74EA /* Auth */,
				122CC80C2F3D53F9005F74EA /* APIService.swift */,
				122CC80D2F3D53F9005F74EA /* GoalContractStore.swift */,
				122CC80E2F3D53F9005F74EA /* ExerciseStore.swift */,
				122CC80F2F3D53F9005F74EA /* WorkoutSessionStore.swift */,
				122CC8102F3D53F9005F74EA /* AgentService.swift */,
				122CC8112F3D53F9005F74EA /* UserSettings.swift */,
				122CC8122F3D53F9005F74EA /* AppStateCoordinator.swift */,
				122CC8132F3D53F9005F74EA /* AssistantOverlayManager.swift */,
				122CC8142F3D53F9005F74EA /* AssessmentSessionStore.swift */,
				122CC8152F3D53F9005F74EA /* UserDataStore.swift */,
				122CC8162F3D53F9005F74EA /* LocationService.swift */,
			);
			path = Services;
			sourceTree = "<group>";
		};
		122CC80A2F3D53F9005F74EA /* Auth */ = {
			isa = PBXGroup;
			children = (
				122CC80B2F3D53F9005F74EA /* AuthView.swift */,
			);
			path = Auth;
			sourceTree = "<group>";
		};
		12761C382E57953800C4F8FE = {
			isa = PBXGroup;
			children = (
				122CC7822F3D53F9005F74EA /* AI Personal Trainer App */,
				12541A0A2F2C59D30020EF78 /* AI Personal Trainer AppUITests */,
				12541A062F2C59B90020EF78 /* AI Personal Trainer AppTests */,
				12761C422E57953800C4F8FE /* Products */,
				12761C712E579CEF00C4F8FE /* Frameworks */,
			);
			sourceTree = "<group>";
		};
		12761C422E57953800C4F8FE /* Products */ = {
			isa = PBXGroup;
			children = (
				12761C412E57953800C4F8FE /* AI Personal Trainer App.app */,
				12761C512E57953B00C4F8FE /* AI Personal Trainer AppTests.xctest */,
				12761C5B2E57953B00C4F8FE /* AI Personal Trainer AppUITests.xctest */,
			);
			name = Products;
			sourceTree = "<group>";
		};
		12761C712E579CEF00C4F8FE /* Frameworks */ = {
			isa = PBXGroup;
			children = (
			);
			name = Frameworks;
			sourceTree = "<group>";
		};
/* End PBXGroup section */

/* Begin PBXNativeTarget section */
		12761C402E57953800C4F8FE /* AI Personal Trainer App */ = {
			isa = PBXNativeTarget;
			buildConfigurationList = 12761C652E57953C00C4F8FE /* Build configuration list for PBXNativeTarget "AI Personal Trainer App" */;
			buildPhases = (
				12761C3D2E57953800C4F8FE /* Sources */,
				12761C3E2E57953800C4F8FE /* Frameworks */,
				12761C3F2E57953800C4F8FE /* Resources */,
			);
			buildRules = (
			);
			dependencies = (
			);
			name = "AI Personal Trainer App";
			packageProductDependencies = (
				12761C722E579CEF00C4F8FE /* Supabase */,
			);
			productName = "AI Personal Trainer App";
			productReference = 12761C412E57953800C4F8FE /* AI Personal Trainer App.app */;
			productType = "com.apple.product-type.application";
		};
		12761C502E57953B00C4F8FE /* AI Personal Trainer AppTests */ = {
			isa = PBXNativeTarget;
			buildConfigurationList = 12761C682E57953C00C4F8FE /* Build configuration list for PBXNativeTarget "AI Personal Trainer AppTests" */;
			buildPhases = (
				12761C4D2E57953B00C4F8FE /* Sources */,
				12761C4E2E57953B00C4F8FE /* Frameworks */,
				12761C4F2E57953B00C4F8FE /* Resources */,
			);
			buildRules = (
			);
			dependencies = (
				12761C532E57953B00C4F8FE /* PBXTargetDependency */,
			);
			name = "AI Personal Trainer AppTests";
			productName = "AI Personal Trainer AppTests";
			productReference = 12761C512E57953B00C4F8FE /* AI Personal Trainer AppTests.xctest */;
			productType = "com.apple.product-type.bundle.unit-test";
		};
		12761C5A2E57953B00C4F8FE /* AI Personal Trainer AppUITests */ = {
			isa = PBXNativeTarget;
			buildConfigurationList = 12761C6B2E57953C00C4F8FE /* Build configuration list for PBXNativeTarget "AI Personal Trainer AppUITests" */;
			buildPhases = (
				12761C572E57953B00C4F8FE /* Sources */,
				12761C582E57953B00C4F8FE /* Frameworks */,
				12761C592E57953B00C4F8FE /* Resources */,
			);
			buildRules = (
			);
			dependencies = (
				12761C5D2E57953B00C4F8FE /* PBXTargetDependency */,
			);
			name = "AI Personal Trainer AppUITests";
			productName = "AI Personal Trainer AppUITests";
			productReference = 12761C5B2E57953B00C4F8FE /* AI Personal Trainer AppUITests.xctest */;
			productType = "com.apple.product-type.bundle.ui-testing";
		};
/* End PBXNativeTarget section */

/* Begin PBXProject section */
		12761C392E57953800C4F8FE /* Project object */ = {
			isa = PBXProject;
			attributes = {
				BuildIndependentTargetsInParallel = 1;
				LastSwiftUpdateCheck = 1520;
				LastUpgradeCheck = 1520;
				TargetAttributes = {
					12761C402E57953800C4F8FE = {
						CreatedOnToolsVersion = 15.2;
					};
					12761C502E57953B00C4F8FE = {
						CreatedOnToolsVersion = 15.2;
						TestTargetID = 12761C402E57953800C4F8FE;
					};
					12761C5A2E57953B00C4F8FE = {
						CreatedOnToolsVersion = 15.2;
						TestTargetID = 12761C402E57953800C4F8FE;
					};
				};
			};
			buildConfigurationList = 12761C3C2E57953800C4F8FE /* Build configuration list for PBXProject "AI Personal Trainer App" */;
			compatibilityVersion = "Xcode 14.0";
			developmentRegion = en;
			hasScannedForEncodings = 0;
			knownRegions = (
				en,
				Base,
			);
			mainGroup = 12761C382E57953800C4F8FE;
			packageReferences = (
				12761C6E2E5795B400C4F8FE /* XCRemoteSwiftPackageReference "supabase-swift" */,
			);
			productRefGroup = 12761C422E57953800C4F8FE /* Products */;
			projectDirPath = "";
			projectRoot = "";
			targets = (
				12761C402E57953800C4F8FE /* AI Personal Trainer App */,
				12761C502E57953B00C4F8FE /* AI Personal Trainer AppTests */,
				12761C5A2E57953B00C4F8FE /* AI Personal Trainer AppUITests */,
			);
		};
/* End PBXProject section */

/* Begin PBXResourcesBuildPhase section */
		12761C3F2E57953800C4F8FE /* Resources */ = {
			isa = PBXResourcesBuildPhase;
			buildActionMask = 2147483647;
			files = (
				122CC87F2F3D53F9005F74EA /* Preview Assets.xcassets in Resources */,
				122CC8592F3D53F9005F74EA /* Assets.xcassets in Resources */,
			);
			runOnlyForDeploymentPostprocessing = 0;
		};
		12761C4F2E57953B00C4F8FE /* Resources */ = {
			isa = PBXResourcesBuildPhase;
			buildActionMask = 2147483647;
			files = (
				12541A072F2C59B90020EF78 /* AI Personal Trainer AppTests in Resources */,
			);
			runOnlyForDeploymentPostprocessing = 0;
		};
		12761C592E57953B00C4F8FE /* Resources */ = {
			isa = PBXResourcesBuildPhase;
			buildActionMask = 2147483647;
			files = (
				12541A0B2F2C59D30020EF78 /* AI Personal Trainer AppUITests in Resources */,
			);
			runOnlyForDeploymentPostprocessing = 0;
		};
/* End PBXResourcesBuildPhase section */

/* Begin PBXSourcesBuildPhase section */
		12761C3D2E57953800C4F8FE /* Sources */ = {
			isa = PBXSourcesBuildPhase;
			buildActionMask = 2147483647;
			files = (
				122CC8882F3D53F9005F74EA /* WorkoutSessionStore.swift in Sources */,
				122CC8302F3D53F9005F74EA /* IsometricExerciseView.swift in Sources */,
				122CC82C2F3D53F9005F74EA /* BodyweightExerciseView.swift in Sources */,
				122CC84D2F3D53F9005F74EA /* TextInputScreenView.swift in Sources */,
				122CC87A2F3D53F9005F74EA /* GoalModels.swift in Sources */,
				122CC8472F3D53F9005F74EA /* OnboardingAuthView.swift in Sources */,
				122CC84C2F3D53F9005F74EA /* ProgramReviewView.swift in Sources */,
				122CC88D2F3D53F9005F74EA /* AssessmentSessionStore.swift in Sources */,
				122CC8222F3D53F9005F74EA /* FloatingMessageStack.swift in Sources */,
				122CC8502F3D53F9005F74EA /* SimpleSelectScreenView.swift in Sources */,
				122CC83E2F3D53F9005F74EA /* FeatureTourOverlay.swift in Sources */,
				122CC8462F3D53F9005F74EA /* OnboardingResumeView.swift in Sources */,
				122CC88E2F3D53F9005F74EA /* UserDataStore.swift in Sources */,
				122CC8802F3D53F9005F74EA /* AI_Personal_Trainer_AppApp.swift in Sources */,
				122CC85E2F3D53F9005F74EA /* PillsRow.swift in Sources */,
				122CC8832F3D53F9005F74EA /* FeatureTourManager.swift in Sources */,
				122CC8282F3D53F9005F74EA /* AssistantView.swift in Sources */,
				122CC8862F3D53F9005F74EA /* GoalContractStore.swift in Sources */,
				122CC8352F3D53F9005F74EA /* IntervalsExerciseView.swift in Sources */,
				122CC8172F3D53F9005F74EA /* HapticManager.swift in Sources */,
				122CC8622F3D53F9005F74EA /* TypewriterTextView.swift in Sources */,
				122CC83F2F3D53F9005F74EA /* ExerciseDetailSheet.swift in Sources */,
				122CC84F2F3D53F9005F74EA /* BirthdayPickerScreenView.swift in Sources */,
				122CC8872F3D53F9005F74EA /* ExerciseStore.swift in Sources */,
				122CC8212F3D53F9005F74EA /* CollapsedStepsSummary.swift in Sources */,
				122CC86F2F3D53F9005F74EA /* LocalIntakeData.swift in Sources */,
				122CC8602F3D53F9005F74EA /* OTPCodeField.swift in Sources */,
				122CC8482F3D53F9005F74EA /* IntakeCoordinatorView.swift in Sources */,
				122CC8522F3D53F9005F74EA /* IntroNarrationView.swift in Sources */,
				122CC8252F3D53F9005F74EA /* ArtifactCard.swift in Sources */,
				122CC87B2F3D53F9005F74EA /* MonitoringModels.swift in Sources */,
				122CC8312F3D53F9005F74EA /* DurationExerciseView.swift in Sources */,
				122CC83D2F3D53F9005F74EA /* LocationsListSheet.swift in Sources */,
				122CC84B2F3D53F9005F74EA /* OnboardingSuccessView.swift in Sources */,
				122CC8582F3D53F9005F74EA /* GoalReviewView.swift in Sources */,
				122CC82B2F3D53F9005F74EA /* WorkoutPill.swift in Sources */,
				122CC83A2F3D53F9005F74EA /* EquipmentInputView.swift in Sources */,
				122CC8262F3D53F9005F74EA /* StreamingStepsLine.swift in Sources */,
				122CC8722F3D53F9005F74EA /* IntakeModels.swift in Sources */,
				122CC8332F3D53F9005F74EA /* AIMessageSkeleton.swift in Sources */,
				122CC8442F3D53F9005F74EA /* OnboardingCoordinatorView.swift in Sources */,
				122CC8702F3D53F9005F74EA /* OnboardingModels.swift in Sources */,
				122CC8752F3D53F9005F74EA /* Exercise.swift in Sources */,
				122CC8422F3D53F9005F74EA /* TrainerMonitoringViews.swift in Sources */,
				122CC8532F3D53F9005F74EA /* HeightPickerScreenView.swift in Sources */,
				122CC8662F3D53F9005F74EA /* SideDrawerView.swift in Sources */,
				122CC84E2F3D53F9005F74EA /* WeightPickerScreenView.swift in Sources */,
				122CC8712F3D53F9005F74EA /* APIModels.swift in Sources */,
				122CC82F2F3D53F9005F74EA /* AIMessageView.swift in Sources */,
				122CC88F2F3D53F9005F74EA /* LocationService.swift in Sources */,
				122CC83C2F3D53F9005F74EA /* LocationEditorView.swift in Sources */,
				122CC8362F3D53F9005F74EA /* ExpandableDescriptionView.swift in Sources */,
				122CC86C2F3D53F9005F74EA /* LoadingStateView.swift in Sources */,
				122CC8242F3D53F9005F74EA /* MessageBubble.swift in Sources */,
				122CC87E2F3D53F9005F74EA /* AgentModels.swift in Sources */,
				122CC81F2F3D53F9005F74EA /* MinimizedResponsePill.swift in Sources */,
				122CC81D2F3D53F9005F74EA /* supabase.swift in Sources */,
				122CC8342F3D53F9005F74EA /* ExerciseCard.swift in Sources */,
				122CC88C2F3D53F9005F74EA /* AssistantOverlayManager.swift in Sources */,
				122CC8202F3D53F9005F74EA /* QuestionOptionsView.swift in Sources */,
				122CC81A2F3D53F9005F74EA /* AppTheme.swift in Sources */,
				122CC8232F3D53F9005F74EA /* ChatInputBar.swift in Sources */,
				122CC8402F3D53F9005F74EA /* StatsView.swift in Sources */,
				122CC8732F3D53F9005F74EA /* OnboardingScreenData.swift in Sources */,
				122CC8452F3D53F9005F74EA /* ProcessOverviewView.swift in Sources */,
				122CC8852F3D53F9005F74EA /* APIService.swift in Sources */,
				122CC8572F3D53F9005F74EA /* IntroHeroView.swift in Sources */,
				122CC86B2F3D53F9005F74EA /* ChevronButton.swift in Sources */,
				122CC85F2F3D53F9005F74EA /* OnboardingTopBar.swift in Sources */,
				122CC8822F3D53F9005F74EA /* OnboardingStore.swift in Sources */,
				122CC8842F3D53F9005F74EA /* AuthView.swift in Sources */,
				122CC86A2F3D53F9005F74EA /* OnboardingOrbView.swift in Sources */,
				122CC8492F3D53F9005F74EA /* OTPVerificationView.swift in Sources */,
				122CC81C2F3D53F9005F74EA /* AppView.swift in Sources */,
				122CC8392F3D53F9005F74EA /* CurrentLocationPill.swift in Sources */,
				122CC8782F3D53F9005F74EA /* UIExercise.swift in Sources */,
				122CC8642F3D53F9005F74EA /* ToastView.swift in Sources */,
				122CC85D2F3D53F9005F74EA /* StepProgressBar.swift in Sources */,
				122CC8812F3D53F9005F74EA /* TrainingProgramStore.swift in Sources */,
				122CC8562F3D53F9005F74EA /* IntroCTAView.swift in Sources */,
				122CC84A2F3D53F9005F74EA /* NotificationPermissionView.swift in Sources */,
				122CC8322F3D53F9005F74EA /* ExerciseDotTracker.swift in Sources */,
				122CC8742F3D53F9005F74EA /* AssessmentModels.swift in Sources */,
				122CC82A2F3D53F9005F74EA /* HomeView.swift in Sources */,
				122CC8792F3D53F9005F74EA /* CodableValue+Helpers.swift in Sources */,
				122CC8652F3D53F9005F74EA /* ThinTopBar.swift in Sources */,
				122CC87D2F3D53F9005F74EA /* WorkoutHistory.swift in Sources */,
				122CC8762F3D53F9005F74EA /* JourneyModels.swift in Sources */,
				122CC8632F3D53F9005F74EA /* FloatingAIButton.swift in Sources */,
				122CC88A2F3D53F9005F74EA /* UserSettings.swift in Sources */,
				122CC8432F3D53F9005F74EA /* TrainerJourneyView.swift in Sources */,
				122CC8412F3D53F9005F74EA /* TrainerDataHubView.swift in Sources */,
				122CC88B2F3D53F9005F74EA /* AppStateCoordinator.swift in Sources */,
				122CC86E2F3D53F9005F74EA /* Location.swift in Sources */,
				122CC8892F3D53F9005F74EA /* AgentService.swift in Sources */,
				122CC82D2F3D53F9005F74EA /* GlowingOrbButton.swift in Sources */,
				122CC87C2F3D53F9005F74EA /* CheckinModels.swift in Sources */,
				122CC8772F3D53F9005F74EA /* ProgramModels.swift in Sources */,
				122CC81E2F3D53F9005F74EA /* AssistantOverlayView.swift in Sources */,
				122CC8382F3D53F9005F74EA /* ProfileView.swift in Sources */,
				122CC85A2F3D53F9005F74EA /* WaveformView.swift in Sources */,
				122CC86D2F3D53F9005F74EA /* WorkoutSessionModels.swift in Sources */,
				122CC8192F3D53F9005F74EA /* SpeechManager.swift in Sources */,
				122CC8612F3D53F9005F74EA /* ExpandingFabMenu.swift in Sources */,
				122CC8692F3D53F9005F74EA /* UnitToggle.swift in Sources */,
				122CC8672F3D53F9005F74EA /* OnboardingProgressBar.swift in Sources */,
				122CC8272F3D53F9005F74EA /* InlineStepsView.swift in Sources */,
				122CC8372F3D53F9005F74EA /* WritingModeView.swift in Sources */,
				122CC8682F3D53F9005F74EA /* VoiceBottomBar.swift in Sources */,
				122CC8512F3D53F9005F74EA /* GuidedVoiceScreenView.swift in Sources */,
				122CC8182F3D53F9005F74EA /* Color+Extensions.swift in Sources */,
				122CC83B2F3D53F9005F74EA /* LocationMapPickerView.swift in Sources */,
				122CC8552F3D53F9005F74EA /* IntakeCompleteScreenView.swift in Sources */,
				122CC8292F3D53F9005F74EA /* WorkoutCoachSheets.swift in Sources */,
				122CC8542F3D53F9005F74EA /* VoiceScreenView.swift in Sources */,
				122CC81B2F3D53F9005F74EA /* ShimmerEffect.swift in Sources */,
				122CC82E2F3D53F9005F74EA /* StrengthExerciseView.swift in Sources */,
				122CC85B2F3D53F9005F74EA /* OnboardingErrorCard.swift in Sources */,
				122CC85C2F3D53F9005F74EA /* SegmentedProgressBar.swift in Sources */,
			);
			runOnlyForDeploymentPostprocessing = 0;
		};
		12761C4D2E57953B00C4F8FE /* Sources */ = {
			isa = PBXSourcesBuildPhase;
			buildActionMask = 2147483647;
			files = (
			);
			runOnlyForDeploymentPostprocessing = 0;
		};
		12761C572E57953B00C4F8FE /* Sources */ = {
			isa = PBXSourcesBuildPhase;
			buildActionMask = 2147483647;
			files = (
			);
			runOnlyForDeploymentPostprocessing = 0;
		};
/* End PBXSourcesBuildPhase section */

/* Begin PBXTargetDependency section */
		12761C532E57953B00C4F8FE /* PBXTargetDependency */ = {
			isa = PBXTargetDependency;
			target = 12761C402E57953800C4F8FE /* AI Personal Trainer App */;
			targetProxy = 12761C522E57953B00C4F8FE /* PBXContainerItemProxy */;
		};
		12761C5D2E57953B00C4F8FE /* PBXTargetDependency */ = {
			isa = PBXTargetDependency;
			target = 12761C402E57953800C4F8FE /* AI Personal Trainer App */;
			targetProxy = 12761C5C2E57953B00C4F8FE /* PBXContainerItemProxy */;
		};
/* End PBXTargetDependency section */

/* Begin XCBuildConfiguration section */
		12761C632E57953C00C4F8FE /* Debug */ = {
			isa = XCBuildConfiguration;
			buildSettings = {
				ALWAYS_SEARCH_USER_PATHS = NO;
				ASSETCATALOG_COMPILER_GENERATE_SWIFT_ASSET_SYMBOL_EXTENSIONS = YES;
				CLANG_ANALYZER_NONNULL = YES;
				CLANG_ANALYZER_NUMBER_OBJECT_CONVERSION = YES_AGGRESSIVE;
				CLANG_CXX_LANGUAGE_STANDARD = "gnu++20";
				CLANG_ENABLE_MODULES = YES;
				CLANG_ENABLE_OBJC_ARC = YES;
				CLANG_ENABLE_OBJC_WEAK = YES;
				CLANG_WARN_BLOCK_CAPTURE_AUTORELEASING = YES;
				CLANG_WARN_BOOL_CONVERSION = YES;
				CLANG_WARN_COMMA = YES;
				CLANG_WARN_CONSTANT_CONVERSION = YES;
				CLANG_WARN_DEPRECATED_OBJC_IMPLEMENTATIONS = YES;
				CLANG_WARN_DIRECT_OBJC_ISA_USAGE = YES_ERROR;
				CLANG_WARN_DOCUMENTATION_COMMENTS = YES;
				CLANG_WARN_EMPTY_BODY = YES;
				CLANG_WARN_ENUM_CONVERSION = YES;
				CLANG_WARN_INFINITE_RECURSION = YES;
				CLANG_WARN_INT_CONVERSION = YES;
				CLANG_WARN_NON_LITERAL_NULL_CONVERSION = YES;
				CLANG_WARN_OBJC_IMPLICIT_RETAIN_SELF = YES;
				CLANG_WARN_OBJC_LITERAL_CONVERSION = YES;
				CLANG_WARN_OBJC_ROOT_CLASS = YES_ERROR;
				CLANG_WARN_QUOTED_INCLUDE_IN_FRAMEWORK_HEADER = YES;
				CLANG_WARN_RANGE_LOOP_ANALYSIS = YES;
				CLANG_WARN_STRICT_PROTOTYPES = YES;
				CLANG_WARN_SUSPICIOUS_MOVE = YES;
				CLANG_WARN_UNGUARDED_AVAILABILITY = YES_AGGRESSIVE;
				CLANG_WARN_UNREACHABLE_CODE = YES;
				CLANG_WARN__DUPLICATE_METHOD_MATCH = YES;
				COPY_PHASE_STRIP = NO;
				DEBUG_INFORMATION_FORMAT = dwarf;
				ENABLE_STRICT_OBJC_MSGSEND = YES;
				ENABLE_TESTABILITY = YES;
				ENABLE_USER_SCRIPT_SANDBOXING = YES;
				GCC_C_LANGUAGE_STANDARD = gnu17;
				GCC_DYNAMIC_NO_PIC = NO;
				GCC_NO_COMMON_BLOCKS = YES;
				GCC_OPTIMIZATION_LEVEL = 0;
				GCC_PREPROCESSOR_DEFINITIONS = (
					"DEBUG=1",
					"$(inherited)",
				);
				GCC_WARN_64_TO_32_BIT_CONVERSION = YES;
				GCC_WARN_ABOUT_RETURN_TYPE = YES_ERROR;
				GCC_WARN_UNDECLARED_SELECTOR = YES;
				GCC_WARN_UNINITIALIZED_AUTOS = YES_AGGRESSIVE;
				GCC_WARN_UNUSED_FUNCTION = YES;
				GCC_WARN_UNUSED_VARIABLE = YES;
				IPHONEOS_DEPLOYMENT_TARGET = 17.2;
				LOCALIZATION_PREFERS_STRING_CATALOGS = YES;
				MTL_ENABLE_DEBUG_INFO = INCLUDE_SOURCE;
				MTL_FAST_MATH = YES;
				ONLY_ACTIVE_ARCH = YES;
				SDKROOT = iphoneos;
				SWIFT_ACTIVE_COMPILATION_CONDITIONS = "DEBUG $(inherited)";
				SWIFT_OPTIMIZATION_LEVEL = "-Onone";
			};
			name = Debug;
		};
		12761C642E57953C00C4F8FE /* Release */ = {
			isa = XCBuildConfiguration;
			buildSettings = {
				ALWAYS_SEARCH_USER_PATHS = NO;
				ASSETCATALOG_COMPILER_GENERATE_SWIFT_ASSET_SYMBOL_EXTENSIONS = YES;
				CLANG_ANALYZER_NONNULL = YES;
				CLANG_ANALYZER_NUMBER_OBJECT_CONVERSION = YES_AGGRESSIVE;
				CLANG_CXX_LANGUAGE_STANDARD = "gnu++20";
				CLANG_ENABLE_MODULES = YES;
				CLANG_ENABLE_OBJC_ARC = YES;
				CLANG_ENABLE_OBJC_WEAK = YES;
				CLANG_WARN_BLOCK_CAPTURE_AUTORELEASING = YES;
				CLANG_WARN_BOOL_CONVERSION = YES;
				CLANG_WARN_COMMA = YES;
				CLANG_WARN_CONSTANT_CONVERSION = YES;
				CLANG_WARN_DEPRECATED_OBJC_IMPLEMENTATIONS = YES;
				CLANG_WARN_DIRECT_OBJC_ISA_USAGE = YES_ERROR;
				CLANG_WARN_DOCUMENTATION_COMMENTS = YES;
				CLANG_WARN_EMPTY_BODY = YES;
				CLANG_WARN_ENUM_CONVERSION = YES;
				CLANG_WARN_INFINITE_RECURSION = YES;
				CLANG_WARN_INT_CONVERSION = YES;
				CLANG_WARN_NON_LITERAL_NULL_CONVERSION = YES;
				CLANG_WARN_OBJC_IMPLICIT_RETAIN_SELF = YES;
				CLANG_WARN_OBJC_LITERAL_CONVERSION = YES;
				CLANG_WARN_OBJC_ROOT_CLASS = YES_ERROR;
				CLANG_WARN_QUOTED_INCLUDE_IN_FRAMEWORK_HEADER = YES;
				CLANG_WARN_RANGE_LOOP_ANALYSIS = YES;
				CLANG_WARN_STRICT_PROTOTYPES = YES;
				CLANG_WARN_SUSPICIOUS_MOVE = YES;
				CLANG_WARN_UNGUARDED_AVAILABILITY = YES_AGGRESSIVE;
				CLANG_WARN_UNREACHABLE_CODE = YES;
				CLANG_WARN__DUPLICATE_METHOD_MATCH = YES;
				COPY_PHASE_STRIP = NO;
				DEBUG_INFORMATION_FORMAT = "dwarf-with-dsym";
				ENABLE_NS_ASSERTIONS = NO;
				ENABLE_STRICT_OBJC_MSGSEND = YES;
				ENABLE_USER_SCRIPT_SANDBOXING = YES;
				GCC_C_LANGUAGE_STANDARD = gnu17;
				GCC_NO_COMMON_BLOCKS = YES;
				GCC_WARN_64_TO_32_BIT_CONVERSION = YES;
				GCC_WARN_ABOUT_RETURN_TYPE = YES_ERROR;
				GCC_WARN_UNDECLARED_SELECTOR = YES;
				GCC_WARN_UNINITIALIZED_AUTOS = YES_AGGRESSIVE;
				GCC_WARN_UNUSED_FUNCTION = YES;
				GCC_WARN_UNUSED_VARIABLE = YES;
				IPHONEOS_DEPLOYMENT_TARGET = 17.2;
				LOCALIZATION_PREFERS_STRING_CATALOGS = YES;
				MTL_ENABLE_DEBUG_INFO = NO;
				MTL_FAST_MATH = YES;
				SDKROOT = iphoneos;
				SWIFT_COMPILATION_MODE = wholemodule;
				VALIDATE_PRODUCT = YES;
			};
			name = Release;
		};
		12761C662E57953C00C4F8FE /* Debug */ = {
			isa = XCBuildConfiguration;
			buildSettings = {
				ASSETCATALOG_COMPILER_APPICON_NAME = AppIcon;
				ASSETCATALOG_COMPILER_GLOBAL_ACCENT_COLOR_NAME = AccentColor;
				CODE_SIGN_STYLE = Automatic;
				CURRENT_PROJECT_VERSION = 1;
				DEVELOPMENT_ASSET_PATHS = "\"AI Personal Trainer App/Preview Content\"";
				DEVELOPMENT_TEAM = HQKNJY9XYD;
				ENABLE_PREVIEWS = YES;
				GENERATE_INFOPLIST_FILE = YES;
				INFOPLIST_FILE = "AI-Personal-Trainer-App-Info.plist";
				INFOPLIST_KEY_UIApplicationSceneManifest_Generation = YES;
				INFOPLIST_KEY_UIApplicationSupportsIndirectInputEvents = YES;
				INFOPLIST_KEY_UILaunchScreen_Generation = YES;
				INFOPLIST_KEY_UISupportedInterfaceOrientations_iPad = "UIInterfaceOrientationPortrait UIInterfaceOrientationPortraitUpsideDown UIInterfaceOrientationLandscapeLeft UIInterfaceOrientationLandscapeRight";
				INFOPLIST_KEY_UISupportedInterfaceOrientations_iPhone = "UIInterfaceOrientationPortrait UIInterfaceOrientationLandscapeLeft UIInterfaceOrientationLandscapeRight";
				LD_RUNPATH_SEARCH_PATHS = (
					"$(inherited)",
					"@executable_path/Frameworks",
				);
				MARKETING_VERSION = 1.0;
				PRODUCT_BUNDLE_IDENTIFIER = "AI-PT-ORG.AI-Personal-Trainer-App";
				PRODUCT_NAME = "$(TARGET_NAME)";
				SWIFT_EMIT_LOC_STRINGS = YES;
				SWIFT_VERSION = 5.0;
				TARGETED_DEVICE_FAMILY = "1,2";
			};
			name = Debug;
		};
		12761C672E57953C00C4F8FE /* Release */ = {
			isa = XCBuildConfiguration;
			buildSettings = {
				ASSETCATALOG_COMPILER_APPICON_NAME = AppIcon;
				ASSETCATALOG_COMPILER_GLOBAL_ACCENT_COLOR_NAME = AccentColor;
				CODE_SIGN_STYLE = Automatic;
				CURRENT_PROJECT_VERSION = 1;
				DEVELOPMENT_ASSET_PATHS = "\"AI Personal Trainer App/Preview Content\"";
				DEVELOPMENT_TEAM = HQKNJY9XYD;
				ENABLE_PREVIEWS = YES;
				GENERATE_INFOPLIST_FILE = YES;
				INFOPLIST_FILE = "AI-Personal-Trainer-App-Info.plist";
				INFOPLIST_KEY_UIApplicationSceneManifest_Generation = YES;
				INFOPLIST_KEY_UIApplicationSupportsIndirectInputEvents = YES;
				INFOPLIST_KEY_UILaunchScreen_Generation = YES;
				INFOPLIST_KEY_UISupportedInterfaceOrientations_iPad = "UIInterfaceOrientationPortrait UIInterfaceOrientationPortraitUpsideDown UIInterfaceOrientationLandscapeLeft UIInterfaceOrientationLandscapeRight";
				INFOPLIST_KEY_UISupportedInterfaceOrientations_iPhone = "UIInterfaceOrientationPortrait UIInterfaceOrientationLandscapeLeft UIInterfaceOrientationLandscapeRight";
				LD_RUNPATH_SEARCH_PATHS = (
					"$(inherited)",
					"@executable_path/Frameworks",
				);
				MARKETING_VERSION = 1.0;
				PRODUCT_BUNDLE_IDENTIFIER = "AI-PT-ORG.AI-Personal-Trainer-App";
				PRODUCT_NAME = "$(TARGET_NAME)";
				SWIFT_EMIT_LOC_STRINGS = YES;
				SWIFT_VERSION = 5.0;
				TARGETED_DEVICE_FAMILY = "1,2";
			};
			name = Release;
		};
		12761C692E57953C00C4F8FE /* Debug */ = {
			isa = XCBuildConfiguration;
			buildSettings = {
				ALWAYS_EMBED_SWIFT_STANDARD_LIBRARIES = YES;
				BUNDLE_LOADER = "$(TEST_HOST)";
				CODE_SIGN_STYLE = Automatic;
				CURRENT_PROJECT_VERSION = 1;
				DEVELOPMENT_TEAM = HQKNJY9XYD;
				GENERATE_INFOPLIST_FILE = YES;
				IPHONEOS_DEPLOYMENT_TARGET = 17.2;
				MARKETING_VERSION = 1.0;
				PRODUCT_BUNDLE_IDENTIFIER = "AI-PT-ORG.AI-Personal-Trainer-AppTests";
				PRODUCT_NAME = "$(TARGET_NAME)";
				SWIFT_EMIT_LOC_STRINGS = NO;
				SWIFT_VERSION = 5.0;
				TARGETED_DEVICE_FAMILY = "1,2";
				TEST_HOST = "$(BUILT_PRODUCTS_DIR)/AI Personal Trainer App.app/$(BUNDLE_EXECUTABLE_FOLDER_PATH)/AI Personal Trainer App";
			};
			name = Debug;
		};
		12761C6A2E57953C00C4F8FE /* Release */ = {
			isa = XCBuildConfiguration;
			buildSettings = {
				ALWAYS_EMBED_SWIFT_STANDARD_LIBRARIES = YES;
				BUNDLE_LOADER = "$(TEST_HOST)";
				CODE_SIGN_STYLE = Automatic;
				CURRENT_PROJECT_VERSION = 1;
				DEVELOPMENT_TEAM = HQKNJY9XYD;
				GENERATE_INFOPLIST_FILE = YES;
				IPHONEOS_DEPLOYMENT_TARGET = 17.2;
				MARKETING_VERSION = 1.0;
				PRODUCT_BUNDLE_IDENTIFIER = "AI-PT-ORG.AI-Personal-Trainer-AppTests";
				PRODUCT_NAME = "$(TARGET_NAME)";
				SWIFT_EMIT_LOC_STRINGS = NO;
				SWIFT_VERSION = 5.0;
				TARGETED_DEVICE_FAMILY = "1,2";
				TEST_HOST = "$(BUILT_PRODUCTS_DIR)/AI Personal Trainer App.app/$(BUNDLE_EXECUTABLE_FOLDER_PATH)/AI Personal Trainer App";
			};
			name = Release;
		};
		12761C6C2E57953C00C4F8FE /* Debug */ = {
			isa = XCBuildConfiguration;
			buildSettings = {
				ALWAYS_EMBED_SWIFT_STANDARD_LIBRARIES = YES;
				CODE_SIGN_STYLE = Automatic;
				CURRENT_PROJECT_VERSION = 1;
				DEVELOPMENT_TEAM = HQKNJY9XYD;
				GENERATE_INFOPLIST_FILE = YES;
				MARKETING_VERSION = 1.0;
				PRODUCT_BUNDLE_IDENTIFIER = "AI-PT-ORG.AI-Personal-Trainer-AppUITests";
				PRODUCT_NAME = "$(TARGET_NAME)";
				SWIFT_EMIT_LOC_STRINGS = NO;
				SWIFT_VERSION = 5.0;
				TARGETED_DEVICE_FAMILY = "1,2";
				TEST_TARGET_NAME = "AI Personal Trainer App";
			};
			name = Debug;
		};
		12761C6D2E57953C00C4F8FE /* Release */ = {
			isa = XCBuildConfiguration;
			buildSettings = {
				ALWAYS_EMBED_SWIFT_STANDARD_LIBRARIES = YES;
				CODE_SIGN_STYLE = Automatic;
				CURRENT_PROJECT_VERSION = 1;
				DEVELOPMENT_TEAM = HQKNJY9XYD;
				GENERATE_INFOPLIST_FILE = YES;
				MARKETING_VERSION = 1.0;
				PRODUCT_BUNDLE_IDENTIFIER = "AI-PT-ORG.AI-Personal-Trainer-AppUITests";
				PRODUCT_NAME = "$(TARGET_NAME)";
				SWIFT_EMIT_LOC_STRINGS = NO;
				SWIFT_VERSION = 5.0;
				TARGETED_DEVICE_FAMILY = "1,2";
				TEST_TARGET_NAME = "AI Personal Trainer App";
			};
			name = Release;
		};
/* End XCBuildConfiguration section */

/* Begin XCConfigurationList section */
		12761C3C2E57953800C4F8FE /* Build configuration list for PBXProject "AI Personal Trainer App" */ = {
			isa = XCConfigurationList;
			buildConfigurations = (
				12761C632E57953C00C4F8FE /* Debug */,
				12761C642E57953C00C4F8FE /* Release */,
			);
			defaultConfigurationIsVisible = 0;
			defaultConfigurationName = Release;
		};
		12761C652E57953C00C4F8FE /* Build configuration list for PBXNativeTarget "AI Personal Trainer App" */ = {
			isa = XCConfigurationList;
			buildConfigurations = (
				12761C662E57953C00C4F8FE /* Debug */,
				12761C672E57953C00C4F8FE /* Release */,
			);
			defaultConfigurationIsVisible = 0;
			defaultConfigurationName = Release;
		};
		12761C682E57953C00C4F8FE /* Build configuration list for PBXNativeTarget "AI Personal Trainer AppTests" */ = {
			isa = XCConfigurationList;
			buildConfigurations = (
				12761C692E57953C00C4F8FE /* Debug */,
				12761C6A2E57953C00C4F8FE /* Release */,
			);
			defaultConfigurationIsVisible = 0;
			defaultConfigurationName = Release;
		};
		12761C6B2E57953C00C4F8FE /* Build configuration list for PBXNativeTarget "AI Personal Trainer AppUITests" */ = {
			isa = XCConfigurationList;
			buildConfigurations = (
				12761C6C2E57953C00C4F8FE /* Debug */,
				12761C6D2E57953C00C4F8FE /* Release */,
			);
			defaultConfigurationIsVisible = 0;
			defaultConfigurationName = Release;
		};
/* End XCConfigurationList section */

/* Begin XCRemoteSwiftPackageReference section */
		12761C6E2E5795B400C4F8FE /* XCRemoteSwiftPackageReference "supabase-swift" */ = {
			isa = XCRemoteSwiftPackageReference;
			repositoryURL = "https://github.com/supabase-community/supabase-swift.git";
			requirement = {
				kind = upToNextMajorVersion;
				minimumVersion = 2.5.1;
			};
		};
/* End XCRemoteSwiftPackageReference section */

/* Begin XCSwiftPackageProductDependency section */
		12761C722E579CEF00C4F8FE /* Supabase */ = {
			isa = XCSwiftPackageProductDependency;
			package = 12761C6E2E5795B400C4F8FE /* XCRemoteSwiftPackageReference "supabase-swift" */;
			productName = Supabase;
		};
/* End XCSwiftPackageProductDependency section */
	};
	rootObject = 12761C392E57953800C4F8FE /* Project object */;
}
