// !$*UTF8*$!
{
	archiveVersion = 1;
	classes = {
	};
	objectVersion = 56;
	objects = {

/* Begin PBXBuildFile section */
		122CF15E2EB42C2900820C84 /* CurrentLocationPill.swift in Sources */ = {isa = PBXBuildFile; fileRef = 122CF15D2EB42C2900820C84 /* CurrentLocationPill.swift */; };
		122CF1602EB42C3600820C84 /* EquipmentInputView.swift in Sources */ = {isa = PBXBuildFile; fileRef = 122CF15F2EB42C3600820C84 /* EquipmentInputView.swift */; };
		122CF1642EB42C5C00820C84 /* LocationsListSheet.swift in Sources */ = {isa = PBXBuildFile; fileRef = 122CF1612EB42C5C00820C84 /* LocationsListSheet.swift */; };
		122CF1652EB42C5C00820C84 /* LocationEditorView.swift in Sources */ = {isa = PBXBuildFile; fileRef = 122CF1622EB42C5C00820C84 /* LocationEditorView.swift */; };
		122CF1662EB42C5C00820C84 /* LocationMapPickerView.swift in Sources */ = {isa = PBXBuildFile; fileRef = 122CF1632EB42C5C00820C84 /* LocationMapPickerView.swift */; };
		122CF1682EB42C6F00820C84 /* Location.swift in Sources */ = {isa = PBXBuildFile; fileRef = 122CF1672EB42C6F00820C84 /* Location.swift */; };
		122CF16A2EB42C9D00820C84 /* LocationService.swift in Sources */ = {isa = PBXBuildFile; fileRef = 122CF1692EB42C9D00820C84 /* LocationService.swift */; };
		12761C492E57953B00C4F8FE /* Assets.xcassets in Resources */ = {isa = PBXBuildFile; fileRef = 12761C482E57953B00C4F8FE /* Assets.xcassets */; };
		12761C4C2E57953B00C4F8FE /* Preview Assets.xcassets in Resources */ = {isa = PBXBuildFile; fileRef = 12761C4B2E57953B00C4F8FE /* Preview Assets.xcassets */; };
		12761C562E57953B00C4F8FE /* AI_Personal_Trainer_AppTests.swift in Sources */ = {isa = PBXBuildFile; fileRef = 12761C552E57953B00C4F8FE /* AI_Personal_Trainer_AppTests.swift */; };
		12761C602E57953B00C4F8FE /* AI_Personal_Trainer_AppUITests.swift in Sources */ = {isa = PBXBuildFile; fileRef = 12761C5F2E57953B00C4F8FE /* AI_Personal_Trainer_AppUITests.swift */; };
		12761C622E57953C00C4F8FE /* AI_Personal_Trainer_AppUITestsLaunchTests.swift in Sources */ = {isa = PBXBuildFile; fileRef = 12761C612E57953B00C4F8FE /* AI_Personal_Trainer_AppUITestsLaunchTests.swift */; };
		12761C732E579CEF00C4F8FE /* Supabase in Frameworks */ = {isa = PBXBuildFile; productRef = 12761C722E579CEF00C4F8FE /* Supabase */; };
		1292C3C42EADAE2F005A728A /* RefreshModalView.swift in Sources */ = {isa = PBXBuildFile; fileRef = 1292C3C32EADAE2F005A728A /* RefreshModalView.swift */; };
		12CE3AAD2E94250200BD239C /* AI_Personal_Trainer_AppApp.swift in Sources */ = {isa = PBXBuildFile; fileRef = 12CE3AAC2E94250200BD239C /* AI_Personal_Trainer_AppApp.swift */; };
		12FF73FB2E9427C500958D26 /* AppView.swift in Sources */ = {isa = PBXBuildFile; fileRef = 12FF73F92E9427C500958D26 /* AppView.swift */; };
		12FF73FC2E9427C500958D26 /* supabase.swift in Sources */ = {isa = PBXBuildFile; fileRef = 12FF73FA2E9427C500958D26 /* supabase.swift */; };
		12FF741E2E94280A00958D26 /* Color+Extensions.swift in Sources */ = {isa = PBXBuildFile; fileRef = 12FF73FF2E94280A00958D26 /* Color+Extensions.swift */; };
		12FF741F2E94280A00958D26 /* AppTheme.swift in Sources */ = {isa = PBXBuildFile; fileRef = 12FF74012E94280A00958D26 /* AppTheme.swift */; };
		12FF74212E94280A00958D26 /* APIModels.swift in Sources */ = {isa = PBXBuildFile; fileRef = 12FF74052E94280A00958D26 /* APIModels.swift */; };
		12FF74222E94280A00958D26 /* Exercise.swift in Sources */ = {isa = PBXBuildFile; fileRef = 12FF74062E94280A00958D26 /* Exercise.swift */; };
		12FF74232E94280A00958D26 /* FloatingNavigationBar.swift in Sources */ = {isa = PBXBuildFile; fileRef = 12FF74092E94280A00958D26 /* FloatingNavigationBar.swift */; };
		12FF74242E94280A00958D26 /* AssistantView.swift in Sources */ = {isa = PBXBuildFile; fileRef = 12FF740C2E94280A00958D26 /* AssistantView.swift */; };
		12FF74252E94280A00958D26 /* HomeView.swift in Sources */ = {isa = PBXBuildFile; fileRef = 12FF740E2E94280A00958D26 /* HomeView.swift */; };
		12FF742B2E94280A00958D26 /* WritingModeView.swift in Sources */ = {isa = PBXBuildFile; fileRef = 12FF74182E94280A00958D26 /* WritingModeView.swift */; };
		12FF742C2E94280A00958D26 /* ProfileView.swift in Sources */ = {isa = PBXBuildFile; fileRef = 12FF741A2E94280A00958D26 /* ProfileView.swift */; };
		12FF742E2E94280A00958D26 /* StatsView.swift in Sources */ = {isa = PBXBuildFile; fileRef = 12FF741D2E94280A00958D26 /* StatsView.swift */; };
		12FF743D2E942AFF00958D26 /* ActivePreferencesSection.swift in Sources */ = {isa = PBXBuildFile; fileRef = 12FF74312E942AFF00958D26 /* ActivePreferencesSection.swift */; };
		12FF743E2E942AFF00958D26 /* MuscleGoalsSection.swift in Sources */ = {isa = PBXBuildFile; fileRef = 12FF74322E942AFF00958D26 /* MuscleGoalsSection.swift */; };
		12FF743F2E942AFF00958D26 /* CategoryGoalsSection.swift in Sources */ = {isa = PBXBuildFile; fileRef = 12FF74332E942AFF00958D26 /* CategoryGoalsSection.swift */; };
		12FF74402E942AFF00958D26 /* EmptyPreferencesState.swift in Sources */ = {isa = PBXBuildFile; fileRef = 12FF74342E942AFF00958D26 /* EmptyPreferencesState.swift */; };
		12FF74422E942AFF00958D26 /* AddPreferenceSheet.swift in Sources */ = {isa = PBXBuildFile; fileRef = 12FF74372E942AFF00958D26 /* AddPreferenceSheet.swift */; };
		12FF74432E942AFF00958D26 /* InfoView.swift in Sources */ = {isa = PBXBuildFile; fileRef = 12FF74382E942AFF00958D26 /* InfoView.swift */; };
		12FF74442E942AFF00958D26 /* MuscleGoalSetterView.swift in Sources */ = {isa = PBXBuildFile; fileRef = 12FF74392E942AFF00958D26 /* MuscleGoalSetterView.swift */; };
		12FF74452E942AFF00958D26 /* MuscleGoalsAIAssistSheet.swift in Sources */ = {isa = PBXBuildFile; fileRef = 12FF743A2E942AFF00958D26 /* MuscleGoalsAIAssistSheet.swift */; };
		12FF74462E942AFF00958D26 /* CategoryGoalSetterView.swift in Sources */ = {isa = PBXBuildFile; fileRef = 12FF743B2E942AFF00958D26 /* CategoryGoalSetterView.swift */; };
		12FF74472E942AFF00958D26 /* CategoryGoalsAIAssistSheet.swift in Sources */ = {isa = PBXBuildFile; fileRef = 12FF743C2E942AFF00958D26 /* CategoryGoalsAIAssistSheet.swift */; };
		12FF744F2E94466700958D26 /* AuthView.swift in Sources */ = {isa = PBXBuildFile; fileRef = 12FF744D2E94466700958D26 /* AuthView.swift */; };
		12FF74502E94466700958D26 /* APIService.swift in Sources */ = {isa = PBXBuildFile; fileRef = 12FF744E2E94466700958D26 /* APIService.swift */; };
		12FF74522E944B2600958D26 /* UserDataStore.swift in Sources */ = {isa = PBXBuildFile; fileRef = 12FF74512E944B2600958D26 /* UserDataStore.swift */; };
		12FF74542E9458FC00958D26 /* PreferenceManagerView.swift in Sources */ = {isa = PBXBuildFile; fileRef = 12FF74532E9458FB00958D26 /* PreferenceManagerView.swift */; };
/* End PBXBuildFile section */

/* Begin PBXContainerItemProxy section */
		12761C522E57953B00C4F8FE /* PBXContainerItemProxy */ = {
			isa = PBXContainerItemProxy;
			containerPortal = 12761C392E57953800C4F8FE /* Project object */;
			proxyType = 1;
			remoteGlobalIDString = 12761C402E57953800C4F8FE;
			remoteInfo = "AI Personal Trainer App";
		};
		12761C5C2E57953B00C4F8FE /* PBXContainerItemProxy */ = {
			isa = PBXContainerItemProxy;
			containerPortal = 12761C392E57953800C4F8FE /* Project object */;
			proxyType = 1;
			remoteGlobalIDString = 12761C402E57953800C4F8FE;
			remoteInfo = "AI Personal Trainer App";
		};
/* End PBXContainerItemProxy section */

/* Begin PBXFileReference section */
		122CF15D2EB42C2900820C84 /* CurrentLocationPill.swift */ = {isa = PBXFileReference; fileEncoding = 4; lastKnownFileType = sourcecode.swift; path = CurrentLocationPill.swift; sourceTree = "<group>"; };
		122CF15F2EB42C3600820C84 /* EquipmentInputView.swift */ = {isa = PBXFileReference; fileEncoding = 4; lastKnownFileType = sourcecode.swift; path = EquipmentInputView.swift; sourceTree = "<group>"; };
		122CF1612EB42C5C00820C84 /* LocationsListSheet.swift */ = {isa = PBXFileReference; fileEncoding = 4; lastKnownFileType = sourcecode.swift; path = LocationsListSheet.swift; sourceTree = "<group>"; };
		122CF1622EB42C5C00820C84 /* LocationEditorView.swift */ = {isa = PBXFileReference; fileEncoding = 4; lastKnownFileType = sourcecode.swift; path = LocationEditorView.swift; sourceTree = "<group>"; };
		122CF1632EB42C5C00820C84 /* LocationMapPickerView.swift */ = {isa = PBXFileReference; fileEncoding = 4; lastKnownFileType = sourcecode.swift; path = LocationMapPickerView.swift; sourceTree = "<group>"; };
		122CF1672EB42C6F00820C84 /* Location.swift */ = {isa = PBXFileReference; fileEncoding = 4; lastKnownFileType = sourcecode.swift; path = Location.swift; sourceTree = "<group>"; };
		122CF1692EB42C9D00820C84 /* LocationService.swift */ = {isa = PBXFileReference; fileEncoding = 4; lastKnownFileType = sourcecode.swift; path = LocationService.swift; sourceTree = "<group>"; };
		12761C412E57953800C4F8FE /* AI Personal Trainer App.app */ = {isa = PBXFileReference; explicitFileType = wrapper.application; includeInIndex = 0; path = "AI Personal Trainer App.app"; sourceTree = BUILT_PRODUCTS_DIR; };
		12761C482E57953B00C4F8FE /* Assets.xcassets */ = {isa = PBXFileReference; lastKnownFileType = folder.assetcatalog; path = Assets.xcassets; sourceTree = "<group>"; };
		12761C4B2E57953B00C4F8FE /* Preview Assets.xcassets */ = {isa = PBXFileReference; lastKnownFileType = folder.assetcatalog; path = "Preview Assets.xcassets"; sourceTree = "<group>"; };
		12761C512E57953B00C4F8FE /* AI Personal Trainer AppTests.xctest */ = {isa = PBXFileReference; explicitFileType = wrapper.cfbundle; includeInIndex = 0; path = "AI Personal Trainer AppTests.xctest"; sourceTree = BUILT_PRODUCTS_DIR; };
		12761C552E57953B00C4F8FE /* AI_Personal_Trainer_AppTests.swift */ = {isa = PBXFileReference; lastKnownFileType = sourcecode.swift; path = AI_Personal_Trainer_AppTests.swift; sourceTree = "<group>"; };
		12761C5B2E57953B00C4F8FE /* AI Personal Trainer AppUITests.xctest */ = {isa = PBXFileReference; explicitFileType = wrapper.cfbundle; includeInIndex = 0; path = "AI Personal Trainer AppUITests.xctest"; sourceTree = BUILT_PRODUCTS_DIR; };
		12761C5F2E57953B00C4F8FE /* AI_Personal_Trainer_AppUITests.swift */ = {isa = PBXFileReference; lastKnownFileType = sourcecode.swift; path = AI_Personal_Trainer_AppUITests.swift; sourceTree = "<group>"; };
		12761C612E57953B00C4F8FE /* AI_Personal_Trainer_AppUITestsLaunchTests.swift */ = {isa = PBXFileReference; lastKnownFileType = sourcecode.swift; path = AI_Personal_Trainer_AppUITestsLaunchTests.swift; sourceTree = "<group>"; };
		1292C3C32EADAE2F005A728A /* RefreshModalView.swift */ = {isa = PBXFileReference; fileEncoding = 4; lastKnownFileType = sourcecode.swift; path = RefreshModalView.swift; sourceTree = "<group>"; };
		12B5ED9D2E58CF87000D7061 /* AI-Personal-Trainer-App-Info.plist */ = {isa = PBXFileReference; lastKnownFileType = text.plist; path = "AI-Personal-Trainer-App-Info.plist"; sourceTree = SOURCE_ROOT; };
		12CE3AAC2E94250200BD239C /* AI_Personal_Trainer_AppApp.swift */ = {isa = PBXFileReference; lastKnownFileType = sourcecode.swift; path = AI_Personal_Trainer_AppApp.swift; sourceTree = "<group>"; };
		12FF73F92E9427C500958D26 /* AppView.swift */ = {isa = PBXFileReference; fileEncoding = 4; lastKnownFileType = sourcecode.swift; path = AppView.swift; sourceTree = "<group>"; };
		12FF73FA2E9427C500958D26 /* supabase.swift */ = {isa = PBXFileReference; fileEncoding = 4; lastKnownFileType = sourcecode.swift; path = supabase.swift; sourceTree = "<group>"; };
		12FF73FF2E94280A00958D26 /* Color+Extensions.swift */ = {isa = PBXFileReference; fileEncoding = 4; lastKnownFileType = sourcecode.swift; path = "Color+Extensions.swift"; sourceTree = "<group>"; };
		12FF74012E94280A00958D26 /* AppTheme.swift */ = {isa = PBXFileReference; fileEncoding = 4; lastKnownFileType = sourcecode.swift; path = AppTheme.swift; sourceTree = "<group>"; };
		12FF74052E94280A00958D26 /* APIModels.swift */ = {isa = PBXFileReference; fileEncoding = 4; lastKnownFileType = sourcecode.swift; path = APIModels.swift; sourceTree = "<group>"; };
		12FF74062E94280A00958D26 /* Exercise.swift */ = {isa = PBXFileReference; fileEncoding = 4; lastKnownFileType = sourcecode.swift; path = Exercise.swift; sourceTree = "<group>"; };
		12FF74092E94280A00958D26 /* FloatingNavigationBar.swift */ = {isa = PBXFileReference; fileEncoding = 4; lastKnownFileType = sourcecode.swift; path = FloatingNavigationBar.swift; sourceTree = "<group>"; };
		12FF740C2E94280A00958D26 /* AssistantView.swift */ = {isa = PBXFileReference; fileEncoding = 4; lastKnownFileType = sourcecode.swift; path = AssistantView.swift; sourceTree = "<group>"; };
		12FF740E2E94280A00958D26 /* HomeView.swift */ = {isa = PBXFileReference; fileEncoding = 4; lastKnownFileType = sourcecode.swift; path = HomeView.swift; sourceTree = "<group>"; };
		12FF74182E94280A00958D26 /* WritingModeView.swift */ = {isa = PBXFileReference; fileEncoding = 4; lastKnownFileType = sourcecode.swift; path = WritingModeView.swift; sourceTree = "<group>"; };
		12FF741A2E94280A00958D26 /* ProfileView.swift */ = {isa = PBXFileReference; fileEncoding = 4; lastKnownFileType = sourcecode.swift; path = ProfileView.swift; sourceTree = "<group>"; };
		12FF741D2E94280A00958D26 /* StatsView.swift */ = {isa = PBXFileReference; fileEncoding = 4; lastKnownFileType = sourcecode.swift; path = StatsView.swift; sourceTree = "<group>"; };
		12FF74312E942AFF00958D26 /* ActivePreferencesSection.swift */ = {isa = PBXFileReference; fileEncoding = 4; lastKnownFileType = sourcecode.swift; path = ActivePreferencesSection.swift; sourceTree = "<group>"; };
		12FF74322E942AFF00958D26 /* MuscleGoalsSection.swift */ = {isa = PBXFileReference; fileEncoding = 4; lastKnownFileType = sourcecode.swift; path = MuscleGoalsSection.swift; sourceTree = "<group>"; };
		12FF74332E942AFF00958D26 /* CategoryGoalsSection.swift */ = {isa = PBXFileReference; fileEncoding = 4; lastKnownFileType = sourcecode.swift; path = CategoryGoalsSection.swift; sourceTree = "<group>"; };
		12FF74342E942AFF00958D26 /* EmptyPreferencesState.swift */ = {isa = PBXFileReference; fileEncoding = 4; lastKnownFileType = sourcecode.swift; path = EmptyPreferencesState.swift; sourceTree = "<group>"; };
		12FF74372E942AFF00958D26 /* AddPreferenceSheet.swift */ = {isa = PBXFileReference; fileEncoding = 4; lastKnownFileType = sourcecode.swift; path = AddPreferenceSheet.swift; sourceTree = "<group>"; };
		12FF74382E942AFF00958D26 /* InfoView.swift */ = {isa = PBXFileReference; fileEncoding = 4; lastKnownFileType = sourcecode.swift; path = InfoView.swift; sourceTree = "<group>"; };
		12FF74392E942AFF00958D26 /* MuscleGoalSetterView.swift */ = {isa = PBXFileReference; fileEncoding = 4; lastKnownFileType = sourcecode.swift; path = MuscleGoalSetterView.swift; sourceTree = "<group>"; };
		12FF743A2E942AFF00958D26 /* MuscleGoalsAIAssistSheet.swift */ = {isa = PBXFileReference; fileEncoding = 4; lastKnownFileType = sourcecode.swift; path = MuscleGoalsAIAssistSheet.swift; sourceTree = "<group>"; };
		12FF743B2E942AFF00958D26 /* CategoryGoalSetterView.swift */ = {isa = PBXFileReference; fileEncoding = 4; lastKnownFileType = sourcecode.swift; path = CategoryGoalSetterView.swift; sourceTree = "<group>"; };
		12FF743C2E942AFF00958D26 /* CategoryGoalsAIAssistSheet.swift */ = {isa = PBXFileReference; fileEncoding = 4; lastKnownFileType = sourcecode.swift; path = CategoryGoalsAIAssistSheet.swift; sourceTree = "<group>"; };
		12FF744D2E94466700958D26 /* AuthView.swift */ = {isa = PBXFileReference; fileEncoding = 4; lastKnownFileType = sourcecode.swift; path = AuthView.swift; sourceTree = "<group>"; };
		12FF744E2E94466700958D26 /* APIService.swift */ = {isa = PBXFileReference; fileEncoding = 4; lastKnownFileType = sourcecode.swift; path = APIService.swift; sourceTree = "<group>"; };
		12FF74512E944B2600958D26 /* UserDataStore.swift */ = {isa = PBXFileReference; fileEncoding = 4; lastKnownFileType = sourcecode.swift; path = UserDataStore.swift; sourceTree = "<group>"; };
		12FF74532E9458FB00958D26 /* PreferenceManagerView.swift */ = {isa = PBXFileReference; fileEncoding = 4; lastKnownFileType = sourcecode.swift; path = PreferenceManagerView.swift; sourceTree = "<group>"; };
/* End PBXFileReference section */

/* Begin PBXFrameworksBuildPhase section */
		12761C3E2E57953800C4F8FE /* Frameworks */ = {
			isa = PBXFrameworksBuildPhase;
			buildActionMask = 2147483647;
			files = (
				12761C732E579CEF00C4F8FE /* Supabase in Frameworks */,
			);
			runOnlyForDeploymentPostprocessing = 0;
		};
		12761C4E2E57953B00C4F8FE /* Frameworks */ = {
			isa = PBXFrameworksBuildPhase;
			buildActionMask = 2147483647;
			files = (
			);
			runOnlyForDeploymentPostprocessing = 0;
		};
		12761C582E57953B00C4F8FE /* Frameworks */ = {
			isa = PBXFrameworksBuildPhase;
			buildActionMask = 2147483647;
			files = (
			);
			runOnlyForDeploymentPostprocessing = 0;
		};
/* End PBXFrameworksBuildPhase section */

/* Begin PBXGroup section */
		12761C382E57953800C4F8FE = {
			isa = PBXGroup;
			children = (
				12761C432E57953800C4F8FE /* AI Personal Trainer App */,
				12761C542E57953B00C4F8FE /* AI Personal Trainer AppTests */,
				12761C5E2E57953B00C4F8FE /* AI Personal Trainer AppUITests */,
				12761C422E57953800C4F8FE /* Products */,
				12761C712E579CEF00C4F8FE /* Frameworks */,
			);
			sourceTree = "<group>";
		};
		12761C422E57953800C4F8FE /* Products */ = {
			isa = PBXGroup;
			children = (
				12761C412E57953800C4F8FE /* AI Personal Trainer App.app */,
				12761C512E57953B00C4F8FE /* AI Personal Trainer AppTests.xctest */,
				12761C5B2E57953B00C4F8FE /* AI Personal Trainer AppUITests.xctest */,
			);
			name = Products;
			sourceTree = "<group>";
		};
		12761C432E57953800C4F8FE /* AI Personal Trainer App */ = {
			isa = PBXGroup;
			children = (
				12FF744B2E94466700958D26 /* Services */,
				12FF73FD2E94280A00958D26 /* Core */,
				12FF740A2E94280A00958D26 /* Features */,
				12FF74042E94280A00958D26 /* Models */,
				12FF74072E94280A00958D26 /* Shared */,
				12FF73F82E9427C500958D26 /* App */,
				12CE3AAC2E94250200BD239C /* AI_Personal_Trainer_AppApp.swift */,
				12B5ED9D2E58CF87000D7061 /* AI-Personal-Trainer-App-Info.plist */,
				12761C482E57953B00C4F8FE /* Assets.xcassets */,
				12761C4A2E57953B00C4F8FE /* Preview Content */,
			);
			path = "AI Personal Trainer App";
			sourceTree = "<group>";
		};
		12761C4A2E57953B00C4F8FE /* Preview Content */ = {
			isa = PBXGroup;
			children = (
				12761C4B2E57953B00C4F8FE /* Preview Assets.xcassets */,
			);
			path = "Preview Content";
			sourceTree = "<group>";
		};
		12761C542E57953B00C4F8FE /* AI Personal Trainer AppTests */ = {
			isa = PBXGroup;
			children = (
				12761C552E57953B00C4F8FE /* AI_Personal_Trainer_AppTests.swift */,
			);
			path = "AI Personal Trainer AppTests";
			sourceTree = "<group>";
		};
		12761C5E2E57953B00C4F8FE /* AI Personal Trainer AppUITests */ = {
			isa = PBXGroup;
			children = (
				12761C5F2E57953B00C4F8FE /* AI_Personal_Trainer_AppUITests.swift */,
				12761C612E57953B00C4F8FE /* AI_Personal_Trainer_AppUITestsLaunchTests.swift */,
			);
			path = "AI Personal Trainer AppUITests";
			sourceTree = "<group>";
		};
		12761C712E579CEF00C4F8FE /* Frameworks */ = {
			isa = PBXGroup;
			children = (
			);
			name = Frameworks;
			sourceTree = "<group>";
		};
		12FF73F82E9427C500958D26 /* App */ = {
			isa = PBXGroup;
			children = (
				12FF73F92E9427C500958D26 /* AppView.swift */,
				12FF73FA2E9427C500958D26 /* supabase.swift */,
			);
			path = App;
			sourceTree = "<group>";
		};
		12FF73FD2E94280A00958D26 /* Core */ = {
			isa = PBXGroup;
			children = (
				12FF73FE2E94280A00958D26 /* Extensions */,
				12FF74002E94280A00958D26 /* Theme */,
			);
			path = Core;
			sourceTree = "<group>";
		};
		12FF73FE2E94280A00958D26 /* Extensions */ = {
			isa = PBXGroup;
			children = (
				12FF73FF2E94280A00958D26 /* Color+Extensions.swift */,
			);
			path = Extensions;
			sourceTree = "<group>";
		};
		12FF74002E94280A00958D26 /* Theme */ = {
			isa = PBXGroup;
			children = (
				12FF74012E94280A00958D26 /* AppTheme.swift */,
			);
			path = Theme;
			sourceTree = "<group>";
		};
		12FF74042E94280A00958D26 /* Models */ = {
			isa = PBXGroup;
			children = (
				122CF1672EB42C6F00820C84 /* Location.swift */,
				12FF74052E94280A00958D26 /* APIModels.swift */,
				12FF74062E94280A00958D26 /* Exercise.swift */,
			);
			path = Models;
			sourceTree = "<group>";
		};
		12FF74072E94280A00958D26 /* Shared */ = {
			isa = PBXGroup;
			children = (
				12FF74082E94280A00958D26 /* Components */,
			);
			path = Shared;
			sourceTree = "<group>";
		};
		12FF74082E94280A00958D26 /* Components */ = {
			isa = PBXGroup;
			children = (
				12FF74092E94280A00958D26 /* FloatingNavigationBar.swift */,
			);
			path = Components;
			sourceTree = "<group>";
		};
		12FF740A2E94280A00958D26 /* Features */ = {
			isa = PBXGroup;
			children = (
				12FF742F2E942AFF00958D26 /* Info */,
				12FF740B2E94280A00958D26 /* Assistant */,
				12FF740D2E94280A00958D26 /* Home */,
				12FF74172E94280A00958D26 /* WritingMode */,
				12FF74192E94280A00958D26 /* Profile */,
				12FF741C2E94280A00958D26 /* Stats */,
			);
			path = Features;
			sourceTree = "<group>";
		};
		12FF740B2E94280A00958D26 /* Assistant */ = {
			isa = PBXGroup;
			children = (
				12FF740C2E94280A00958D26 /* AssistantView.swift */,
			);
			path = Assistant;
			sourceTree = "<group>";
		};
		12FF740D2E94280A00958D26 /* Home */ = {
			isa = PBXGroup;
			children = (
				1292C3C32EADAE2F005A728A /* RefreshModalView.swift */,
				12FF740E2E94280A00958D26 /* HomeView.swift */,
			);
			path = Home;
			sourceTree = "<group>";
		};
		12FF74172E94280A00958D26 /* WritingMode */ = {
			isa = PBXGroup;
			children = (
				12FF74182E94280A00958D26 /* WritingModeView.swift */,
			);
			path = WritingMode;
			sourceTree = "<group>";
		};
		12FF74192E94280A00958D26 /* Profile */ = {
			isa = PBXGroup;
			children = (
				12FF741A2E94280A00958D26 /* ProfileView.swift */,
			);
			path = Profile;
			sourceTree = "<group>";
		};
		12FF741C2E94280A00958D26 /* Stats */ = {
			isa = PBXGroup;
			children = (
				12FF741D2E94280A00958D26 /* StatsView.swift */,
			);
			path = Stats;
			sourceTree = "<group>";
		};
		12FF742F2E942AFF00958D26 /* Info */ = {
			isa = PBXGroup;
			children = (
				12FF74302E942AFF00958D26 /* Components */,
				12FF74352E942AFF00958D26 /* Views */,
			);
			path = Info;
			sourceTree = "<group>";
		};
		12FF74302E942AFF00958D26 /* Components */ = {
			isa = PBXGroup;
			children = (
				122CF15F2EB42C3600820C84 /* EquipmentInputView.swift */,
				122CF15D2EB42C2900820C84 /* CurrentLocationPill.swift */,
				12FF74312E942AFF00958D26 /* ActivePreferencesSection.swift */,
				12FF74322E942AFF00958D26 /* MuscleGoalsSection.swift */,
				12FF74332E942AFF00958D26 /* CategoryGoalsSection.swift */,
				12FF74342E942AFF00958D26 /* EmptyPreferencesState.swift */,
			);
			path = Components;
			sourceTree = "<group>";
		};
		12FF74352E942AFF00958D26 /* Views */ = {
			isa = PBXGroup;
			children = (
				122CF1622EB42C5C00820C84 /* LocationEditorView.swift */,
				122CF1632EB42C5C00820C84 /* LocationMapPickerView.swift */,
				122CF1612EB42C5C00820C84 /* LocationsListSheet.swift */,
				12FF74532E9458FB00958D26 /* PreferenceManagerView.swift */,
				12FF74372E942AFF00958D26 /* AddPreferenceSheet.swift */,
				12FF74382E942AFF00958D26 /* InfoView.swift */,
				12FF74392E942AFF00958D26 /* MuscleGoalSetterView.swift */,
				12FF743A2E942AFF00958D26 /* MuscleGoalsAIAssistSheet.swift */,
				12FF743B2E942AFF00958D26 /* CategoryGoalSetterView.swift */,
				12FF743C2E942AFF00958D26 /* CategoryGoalsAIAssistSheet.swift */,
			);
			path = Views;
			sourceTree = "<group>";
		};
		12FF744B2E94466700958D26 /* Services */ = {
			isa = PBXGroup;
			children = (
				122CF1692EB42C9D00820C84 /* LocationService.swift */,
				12FF74512E944B2600958D26 /* UserDataStore.swift */,
				12FF744C2E94466700958D26 /* Auth */,
				12FF744E2E94466700958D26 /* APIService.swift */,
			);
			path = Services;
			sourceTree = "<group>";
		};
		12FF744C2E94466700958D26 /* Auth */ = {
			isa = PBXGroup;
			children = (
				12FF744D2E94466700958D26 /* AuthView.swift */,
			);
			path = Auth;
			sourceTree = "<group>";
		};
/* End PBXGroup section */

/* Begin PBXNativeTarget section */
		12761C402E57953800C4F8FE /* AI Personal Trainer App */ = {
			isa = PBXNativeTarget;
			buildConfigurationList = 12761C652E57953C00C4F8FE /* Build configuration list for PBXNativeTarget "AI Personal Trainer App" */;
			buildPhases = (
				12761C3D2E57953800C4F8FE /* Sources */,
				12761C3E2E57953800C4F8FE /* Frameworks */,
				12761C3F2E57953800C4F8FE /* Resources */,
			);
			buildRules = (
			);
			dependencies = (
			);
			name = "AI Personal Trainer App";
			packageProductDependencies = (
				12761C722E579CEF00C4F8FE /* Supabase */,
			);
			productName = "AI Personal Trainer App";
			productReference = 12761C412E57953800C4F8FE /* AI Personal Trainer App.app */;
			productType = "com.apple.product-type.application";
		};
		12761C502E57953B00C4F8FE /* AI Personal Trainer AppTests */ = {
			isa = PBXNativeTarget;
			buildConfigurationList = 12761C682E57953C00C4F8FE /* Build configuration list for PBXNativeTarget "AI Personal Trainer AppTests" */;
			buildPhases = (
				12761C4D2E57953B00C4F8FE /* Sources */,
				12761C4E2E57953B00C4F8FE /* Frameworks */,
				12761C4F2E57953B00C4F8FE /* Resources */,
			);
			buildRules = (
			);
			dependencies = (
				12761C532E57953B00C4F8FE /* PBXTargetDependency */,
			);
			name = "AI Personal Trainer AppTests";
			productName = "AI Personal Trainer AppTests";
			productReference = 12761C512E57953B00C4F8FE /* AI Personal Trainer AppTests.xctest */;
			productType = "com.apple.product-type.bundle.unit-test";
		};
		12761C5A2E57953B00C4F8FE /* AI Personal Trainer AppUITests */ = {
			isa = PBXNativeTarget;
			buildConfigurationList = 12761C6B2E57953C00C4F8FE /* Build configuration list for PBXNativeTarget "AI Personal Trainer AppUITests" */;
			buildPhases = (
				12761C572E57953B00C4F8FE /* Sources */,
				12761C582E57953B00C4F8FE /* Frameworks */,
				12761C592E57953B00C4F8FE /* Resources */,
			);
			buildRules = (
			);
			dependencies = (
				12761C5D2E57953B00C4F8FE /* PBXTargetDependency */,
			);
			name = "AI Personal Trainer AppUITests";
			productName = "AI Personal Trainer AppUITests";
			productReference = 12761C5B2E57953B00C4F8FE /* AI Personal Trainer AppUITests.xctest */;
			productType = "com.apple.product-type.bundle.ui-testing";
		};
/* End PBXNativeTarget section */

/* Begin PBXProject section */
		12761C392E57953800C4F8FE /* Project object */ = {
			isa = PBXProject;
			attributes = {
				BuildIndependentTargetsInParallel = 1;
				LastSwiftUpdateCheck = 1520;
				LastUpgradeCheck = 1520;
				TargetAttributes = {
					12761C402E57953800C4F8FE = {
						CreatedOnToolsVersion = 15.2;
					};
					12761C502E57953B00C4F8FE = {
						CreatedOnToolsVersion = 15.2;
						TestTargetID = 12761C402E57953800C4F8FE;
					};
					12761C5A2E57953B00C4F8FE = {
						CreatedOnToolsVersion = 15.2;
						TestTargetID = 12761C402E57953800C4F8FE;
					};
				};
			};
			buildConfigurationList = 12761C3C2E57953800C4F8FE /* Build configuration list for PBXProject "AI Personal Trainer App" */;
			compatibilityVersion = "Xcode 14.0";
			developmentRegion = en;
			hasScannedForEncodings = 0;
			knownRegions = (
				en,
				Base,
			);
			mainGroup = 12761C382E57953800C4F8FE;
			packageReferences = (
				12761C6E2E5795B400C4F8FE /* XCRemoteSwiftPackageReference "supabase-swift" */,
			);
			productRefGroup = 12761C422E57953800C4F8FE /* Products */;
			projectDirPath = "";
			projectRoot = "";
			targets = (
				12761C402E57953800C4F8FE /* AI Personal Trainer App */,
				12761C502E57953B00C4F8FE /* AI Personal Trainer AppTests */,
				12761C5A2E57953B00C4F8FE /* AI Personal Trainer AppUITests */,
			);
		};
/* End PBXProject section */

/* Begin PBXResourcesBuildPhase section */
		12761C3F2E57953800C4F8FE /* Resources */ = {
			isa = PBXResourcesBuildPhase;
			buildActionMask = 2147483647;
			files = (
				12761C4C2E57953B00C4F8FE /* Preview Assets.xcassets in Resources */,
				12761C492E57953B00C4F8FE /* Assets.xcassets in Resources */,
			);
			runOnlyForDeploymentPostprocessing = 0;
		};
		12761C4F2E57953B00C4F8FE /* Resources */ = {
			isa = PBXResourcesBuildPhase;
			buildActionMask = 2147483647;
			files = (
			);
			runOnlyForDeploymentPostprocessing = 0;
		};
		12761C592E57953B00C4F8FE /* Resources */ = {
			isa = PBXResourcesBuildPhase;
			buildActionMask = 2147483647;
			files = (
			);
			runOnlyForDeploymentPostprocessing = 0;
		};
/* End PBXResourcesBuildPhase section */

/* Begin PBXSourcesBuildPhase section */
		12761C3D2E57953800C4F8FE /* Sources */ = {
			isa = PBXSourcesBuildPhase;
			buildActionMask = 2147483647;
			files = (
				1292C3C42EADAE2F005A728A /* RefreshModalView.swift in Sources */,
				12FF73FC2E9427C500958D26 /* supabase.swift in Sources */,
				12FF74222E94280A00958D26 /* Exercise.swift in Sources */,
				12FF73FB2E9427C500958D26 /* AppView.swift in Sources */,
				122CF1662EB42C5C00820C84 /* LocationMapPickerView.swift in Sources */,
				12FF74522E944B2600958D26 /* UserDataStore.swift in Sources */,
				12FF74242E94280A00958D26 /* AssistantView.swift in Sources */,
				122CF16A2EB42C9D00820C84 /* LocationService.swift in Sources */,
				12CE3AAD2E94250200BD239C /* AI_Personal_Trainer_AppApp.swift in Sources */,
				12FF74252E94280A00958D26 /* HomeView.swift in Sources */,
				12FF74502E94466700958D26 /* APIService.swift in Sources */,
				12FF74422E942AFF00958D26 /* AddPreferenceSheet.swift in Sources */,
				12FF74212E94280A00958D26 /* APIModels.swift in Sources */,
				12FF74442E942AFF00958D26 /* MuscleGoalSetterView.swift in Sources */,
				12FF74452E942AFF00958D26 /* MuscleGoalsAIAssistSheet.swift in Sources */,
				12FF74232E94280A00958D26 /* FloatingNavigationBar.swift in Sources */,
				122CF1652EB42C5C00820C84 /* LocationEditorView.swift in Sources */,
				12FF742C2E94280A00958D26 /* ProfileView.swift in Sources */,
				12FF74462E942AFF00958D26 /* CategoryGoalSetterView.swift in Sources */,
				12FF74402E942AFF00958D26 /* EmptyPreferencesState.swift in Sources */,
				12FF74432E942AFF00958D26 /* InfoView.swift in Sources */,
				12FF744F2E94466700958D26 /* AuthView.swift in Sources */,
				12FF741E2E94280A00958D26 /* Color+Extensions.swift in Sources */,
				122CF1682EB42C6F00820C84 /* Location.swift in Sources */,
				12FF742B2E94280A00958D26 /* WritingModeView.swift in Sources */,
				12FF743F2E942AFF00958D26 /* CategoryGoalsSection.swift in Sources */,
				12FF743D2E942AFF00958D26 /* ActivePreferencesSection.swift in Sources */,
				122CF1642EB42C5C00820C84 /* LocationsListSheet.swift in Sources */,
				12FF742E2E94280A00958D26 /* StatsView.swift in Sources */,
				122CF15E2EB42C2900820C84 /* CurrentLocationPill.swift in Sources */,
				12FF741F2E94280A00958D26 /* AppTheme.swift in Sources */,
				12FF74472E942AFF00958D26 /* CategoryGoalsAIAssistSheet.swift in Sources */,
				12FF74542E9458FC00958D26 /* PreferenceManagerView.swift in Sources */,
				122CF1602EB42C3600820C84 /* EquipmentInputView.swift in Sources */,
				12FF743E2E942AFF00958D26 /* MuscleGoalsSection.swift in Sources */,
			);
			runOnlyForDeploymentPostprocessing = 0;
		};
		12761C4D2E57953B00C4F8FE /* Sources */ = {
			isa = PBXSourcesBuildPhase;
			buildActionMask = 2147483647;
			files = (
				12761C562E57953B00C4F8FE /* AI_Personal_Trainer_AppTests.swift in Sources */,
			);
			runOnlyForDeploymentPostprocessing = 0;
		};
		12761C572E57953B00C4F8FE /* Sources */ = {
			isa = PBXSourcesBuildPhase;
			buildActionMask = 2147483647;
			files = (
				12761C622E57953C00C4F8FE /* AI_Personal_Trainer_AppUITestsLaunchTests.swift in Sources */,
				12761C602E57953B00C4F8FE /* AI_Personal_Trainer_AppUITests.swift in Sources */,
			);
			runOnlyForDeploymentPostprocessing = 0;
		};
/* End PBXSourcesBuildPhase section */

/* Begin PBXTargetDependency section */
		12761C532E57953B00C4F8FE /* PBXTargetDependency */ = {
			isa = PBXTargetDependency;
			target = 12761C402E57953800C4F8FE /* AI Personal Trainer App */;
			targetProxy = 12761C522E57953B00C4F8FE /* PBXContainerItemProxy */;
		};
		12761C5D2E57953B00C4F8FE /* PBXTargetDependency */ = {
			isa = PBXTargetDependency;
			target = 12761C402E57953800C4F8FE /* AI Personal Trainer App */;
			targetProxy = 12761C5C2E57953B00C4F8FE /* PBXContainerItemProxy */;
		};
/* End PBXTargetDependency section */

/* Begin XCBuildConfiguration section */
		12761C632E57953C00C4F8FE /* Debug */ = {
			isa = XCBuildConfiguration;
			buildSettings = {
				ALWAYS_SEARCH_USER_PATHS = NO;
				ASSETCATALOG_COMPILER_GENERATE_SWIFT_ASSET_SYMBOL_EXTENSIONS = YES;
				CLANG_ANALYZER_NONNULL = YES;
				CLANG_ANALYZER_NUMBER_OBJECT_CONVERSION = YES_AGGRESSIVE;
				CLANG_CXX_LANGUAGE_STANDARD = "gnu++20";
				CLANG_ENABLE_MODULES = YES;
				CLANG_ENABLE_OBJC_ARC = YES;
				CLANG_ENABLE_OBJC_WEAK = YES;
				CLANG_WARN_BLOCK_CAPTURE_AUTORELEASING = YES;
				CLANG_WARN_BOOL_CONVERSION = YES;
				CLANG_WARN_COMMA = YES;
				CLANG_WARN_CONSTANT_CONVERSION = YES;
				CLANG_WARN_DEPRECATED_OBJC_IMPLEMENTATIONS = YES;
				CLANG_WARN_DIRECT_OBJC_ISA_USAGE = YES_ERROR;
				CLANG_WARN_DOCUMENTATION_COMMENTS = YES;
				CLANG_WARN_EMPTY_BODY = YES;
				CLANG_WARN_ENUM_CONVERSION = YES;
				CLANG_WARN_INFINITE_RECURSION = YES;
				CLANG_WARN_INT_CONVERSION = YES;
				CLANG_WARN_NON_LITERAL_NULL_CONVERSION = YES;
				CLANG_WARN_OBJC_IMPLICIT_RETAIN_SELF = YES;
				CLANG_WARN_OBJC_LITERAL_CONVERSION = YES;
				CLANG_WARN_OBJC_ROOT_CLASS = YES_ERROR;
				CLANG_WARN_QUOTED_INCLUDE_IN_FRAMEWORK_HEADER = YES;
				CLANG_WARN_RANGE_LOOP_ANALYSIS = YES;
				CLANG_WARN_STRICT_PROTOTYPES = YES;
				CLANG_WARN_SUSPICIOUS_MOVE = YES;
				CLANG_WARN_UNGUARDED_AVAILABILITY = YES_AGGRESSIVE;
				CLANG_WARN_UNREACHABLE_CODE = YES;
				CLANG_WARN__DUPLICATE_METHOD_MATCH = YES;
				COPY_PHASE_STRIP = NO;
				DEBUG_INFORMATION_FORMAT = dwarf;
				ENABLE_STRICT_OBJC_MSGSEND = YES;
				ENABLE_TESTABILITY = YES;
				ENABLE_USER_SCRIPT_SANDBOXING = YES;
				GCC_C_LANGUAGE_STANDARD = gnu17;
				GCC_DYNAMIC_NO_PIC = NO;
				GCC_NO_COMMON_BLOCKS = YES;
				GCC_OPTIMIZATION_LEVEL = 0;
				GCC_PREPROCESSOR_DEFINITIONS = (
					"DEBUG=1",
					"$(inherited)",
				);
				GCC_WARN_64_TO_32_BIT_CONVERSION = YES;
				GCC_WARN_ABOUT_RETURN_TYPE = YES_ERROR;
				GCC_WARN_UNDECLARED_SELECTOR = YES;
				GCC_WARN_UNINITIALIZED_AUTOS = YES_AGGRESSIVE;
				GCC_WARN_UNUSED_FUNCTION = YES;
				GCC_WARN_UNUSED_VARIABLE = YES;
				IPHONEOS_DEPLOYMENT_TARGET = 17.2;
				LOCALIZATION_PREFERS_STRING_CATALOGS = YES;
				MTL_ENABLE_DEBUG_INFO = INCLUDE_SOURCE;
				MTL_FAST_MATH = YES;
				ONLY_ACTIVE_ARCH = YES;
				SDKROOT = iphoneos;
				SWIFT_ACTIVE_COMPILATION_CONDITIONS = "DEBUG $(inherited)";
				SWIFT_OPTIMIZATION_LEVEL = "-Onone";
			};
			name = Debug;
		};
		12761C642E57953C00C4F8FE /* Release */ = {
			isa = XCBuildConfiguration;
			buildSettings = {
				ALWAYS_SEARCH_USER_PATHS = NO;
				ASSETCATALOG_COMPILER_GENERATE_SWIFT_ASSET_SYMBOL_EXTENSIONS = YES;
				CLANG_ANALYZER_NONNULL = YES;
				CLANG_ANALYZER_NUMBER_OBJECT_CONVERSION = YES_AGGRESSIVE;
				CLANG_CXX_LANGUAGE_STANDARD = "gnu++20";
				CLANG_ENABLE_MODULES = YES;
				CLANG_ENABLE_OBJC_ARC = YES;
				CLANG_ENABLE_OBJC_WEAK = YES;
				CLANG_WARN_BLOCK_CAPTURE_AUTORELEASING = YES;
				CLANG_WARN_BOOL_CONVERSION = YES;
				CLANG_WARN_COMMA = YES;
				CLANG_WARN_CONSTANT_CONVERSION = YES;
				CLANG_WARN_DEPRECATED_OBJC_IMPLEMENTATIONS = YES;
				CLANG_WARN_DIRECT_OBJC_ISA_USAGE = YES_ERROR;
				CLANG_WARN_DOCUMENTATION_COMMENTS = YES;
				CLANG_WARN_EMPTY_BODY = YES;
				CLANG_WARN_ENUM_CONVERSION = YES;
				CLANG_WARN_INFINITE_RECURSION = YES;
				CLANG_WARN_INT_CONVERSION = YES;
				CLANG_WARN_NON_LITERAL_NULL_CONVERSION = YES;
				CLANG_WARN_OBJC_IMPLICIT_RETAIN_SELF = YES;
				CLANG_WARN_OBJC_LITERAL_CONVERSION = YES;
				CLANG_WARN_OBJC_ROOT_CLASS = YES_ERROR;
				CLANG_WARN_QUOTED_INCLUDE_IN_FRAMEWORK_HEADER = YES;
				CLANG_WARN_RANGE_LOOP_ANALYSIS = YES;
				CLANG_WARN_STRICT_PROTOTYPES = YES;
				CLANG_WARN_SUSPICIOUS_MOVE = YES;
				CLANG_WARN_UNGUARDED_AVAILABILITY = YES_AGGRESSIVE;
				CLANG_WARN_UNREACHABLE_CODE = YES;
				CLANG_WARN__DUPLICATE_METHOD_MATCH = YES;
				COPY_PHASE_STRIP = NO;
				DEBUG_INFORMATION_FORMAT = "dwarf-with-dsym";
				ENABLE_NS_ASSERTIONS = NO;
				ENABLE_STRICT_OBJC_MSGSEND = YES;
				ENABLE_USER_SCRIPT_SANDBOXING = YES;
				GCC_C_LANGUAGE_STANDARD = gnu17;
				GCC_NO_COMMON_BLOCKS = YES;
				GCC_WARN_64_TO_32_BIT_CONVERSION = YES;
				GCC_WARN_ABOUT_RETURN_TYPE = YES_ERROR;
				GCC_WARN_UNDECLARED_SELECTOR = YES;
				GCC_WARN_UNINITIALIZED_AUTOS = YES_AGGRESSIVE;
				GCC_WARN_UNUSED_FUNCTION = YES;
				GCC_WARN_UNUSED_VARIABLE = YES;
				IPHONEOS_DEPLOYMENT_TARGET = 17.2;
				LOCALIZATION_PREFERS_STRING_CATALOGS = YES;
				MTL_ENABLE_DEBUG_INFO = NO;
				MTL_FAST_MATH = YES;
				SDKROOT = iphoneos;
				SWIFT_COMPILATION_MODE = wholemodule;
				VALIDATE_PRODUCT = YES;
			};
			name = Release;
		};
		12761C662E57953C00C4F8FE /* Debug */ = {
			isa = XCBuildConfiguration;
			buildSettings = {
				ASSETCATALOG_COMPILER_APPICON_NAME = AppIcon;
				ASSETCATALOG_COMPILER_GLOBAL_ACCENT_COLOR_NAME = AccentColor;
				CODE_SIGN_STYLE = Automatic;
				CURRENT_PROJECT_VERSION = 1;
				DEVELOPMENT_ASSET_PATHS = "\"AI Personal Trainer App/Preview Content\"";
				DEVELOPMENT_TEAM = HQKNJY9XYD;
				ENABLE_PREVIEWS = YES;
				GENERATE_INFOPLIST_FILE = YES;
				INFOPLIST_FILE = "AI-Personal-Trainer-App-Info.plist";
				INFOPLIST_KEY_UIApplicationSceneManifest_Generation = YES;
				INFOPLIST_KEY_UIApplicationSupportsIndirectInputEvents = YES;
				INFOPLIST_KEY_UILaunchScreen_Generation = YES;
				INFOPLIST_KEY_UISupportedInterfaceOrientations_iPad = "UIInterfaceOrientationPortrait UIInterfaceOrientationPortraitUpsideDown UIInterfaceOrientationLandscapeLeft UIInterfaceOrientationLandscapeRight";
				INFOPLIST_KEY_UISupportedInterfaceOrientations_iPhone = "UIInterfaceOrientationPortrait UIInterfaceOrientationLandscapeLeft UIInterfaceOrientationLandscapeRight";
				LD_RUNPATH_SEARCH_PATHS = (
					"$(inherited)",
					"@executable_path/Frameworks",
				);
				MARKETING_VERSION = 1.0;
				PRODUCT_BUNDLE_IDENTIFIER = "AI-PT-ORG.AI-Personal-Trainer-App";
				PRODUCT_NAME = "$(TARGET_NAME)";
				SWIFT_EMIT_LOC_STRINGS = YES;
				SWIFT_VERSION = 5.0;
				TARGETED_DEVICE_FAMILY = "1,2";
			};
			name = Debug;
		};
		12761C672E57953C00C4F8FE /* Release */ = {
			isa = XCBuildConfiguration;
			buildSettings = {
				ASSETCATALOG_COMPILER_APPICON_NAME = AppIcon;
				ASSETCATALOG_COMPILER_GLOBAL_ACCENT_COLOR_NAME = AccentColor;
				CODE_SIGN_STYLE = Automatic;
				CURRENT_PROJECT_VERSION = 1;
				DEVELOPMENT_ASSET_PATHS = "\"AI Personal Trainer App/Preview Content\"";
				DEVELOPMENT_TEAM = HQKNJY9XYD;
				ENABLE_PREVIEWS = YES;
				GENERATE_INFOPLIST_FILE = YES;
				INFOPLIST_FILE = "AI-Personal-Trainer-App-Info.plist";
				INFOPLIST_KEY_UIApplicationSceneManifest_Generation = YES;
				INFOPLIST_KEY_UIApplicationSupportsIndirectInputEvents = YES;
				INFOPLIST_KEY_UILaunchScreen_Generation = YES;
				INFOPLIST_KEY_UISupportedInterfaceOrientations_iPad = "UIInterfaceOrientationPortrait UIInterfaceOrientationPortraitUpsideDown UIInterfaceOrientationLandscapeLeft UIInterfaceOrientationLandscapeRight";
				INFOPLIST_KEY_UISupportedInterfaceOrientations_iPhone = "UIInterfaceOrientationPortrait UIInterfaceOrientationLandscapeLeft UIInterfaceOrientationLandscapeRight";
				LD_RUNPATH_SEARCH_PATHS = (
					"$(inherited)",
					"@executable_path/Frameworks",
				);
				MARKETING_VERSION = 1.0;
				PRODUCT_BUNDLE_IDENTIFIER = "AI-PT-ORG.AI-Personal-Trainer-App";
				PRODUCT_NAME = "$(TARGET_NAME)";
				SWIFT_EMIT_LOC_STRINGS = YES;
				SWIFT_VERSION = 5.0;
				TARGETED_DEVICE_FAMILY = "1,2";
			};
			name = Release;
		};
		12761C692E57953C00C4F8FE /* Debug */ = {
			isa = XCBuildConfiguration;
			buildSettings = {
				ALWAYS_EMBED_SWIFT_STANDARD_LIBRARIES = YES;
				BUNDLE_LOADER = "$(TEST_HOST)";
				CODE_SIGN_STYLE = Automatic;
				CURRENT_PROJECT_VERSION = 1;
				DEVELOPMENT_TEAM = HQKNJY9XYD;
				GENERATE_INFOPLIST_FILE = YES;
				IPHONEOS_DEPLOYMENT_TARGET = 17.2;
				MARKETING_VERSION = 1.0;
				PRODUCT_BUNDLE_IDENTIFIER = "AI-PT-ORG.AI-Personal-Trainer-AppTests";
				PRODUCT_NAME = "$(TARGET_NAME)";
				SWIFT_EMIT_LOC_STRINGS = NO;
				SWIFT_VERSION = 5.0;
				TARGETED_DEVICE_FAMILY = "1,2";
				TEST_HOST = "$(BUILT_PRODUCTS_DIR)/AI Personal Trainer App.app/$(BUNDLE_EXECUTABLE_FOLDER_PATH)/AI Personal Trainer App";
			};
			name = Debug;
		};
		12761C6A2E57953C00C4F8FE /* Release */ = {
			isa = XCBuildConfiguration;
			buildSettings = {
				ALWAYS_EMBED_SWIFT_STANDARD_LIBRARIES = YES;
				BUNDLE_LOADER = "$(TEST_HOST)";
				CODE_SIGN_STYLE = Automatic;
				CURRENT_PROJECT_VERSION = 1;
				DEVELOPMENT_TEAM = HQKNJY9XYD;
				GENERATE_INFOPLIST_FILE = YES;
				IPHONEOS_DEPLOYMENT_TARGET = 17.2;
				MARKETING_VERSION = 1.0;
				PRODUCT_BUNDLE_IDENTIFIER = "AI-PT-ORG.AI-Personal-Trainer-AppTests";
				PRODUCT_NAME = "$(TARGET_NAME)";
				SWIFT_EMIT_LOC_STRINGS = NO;
				SWIFT_VERSION = 5.0;
				TARGETED_DEVICE_FAMILY = "1,2";
				TEST_HOST = "$(BUILT_PRODUCTS_DIR)/AI Personal Trainer App.app/$(BUNDLE_EXECUTABLE_FOLDER_PATH)/AI Personal Trainer App";
			};
			name = Release;
		};
		12761C6C2E57953C00C4F8FE /* Debug */ = {
			isa = XCBuildConfiguration;
			buildSettings = {
				ALWAYS_EMBED_SWIFT_STANDARD_LIBRARIES = YES;
				CODE_SIGN_STYLE = Automatic;
				CURRENT_PROJECT_VERSION = 1;
				DEVELOPMENT_TEAM = HQKNJY9XYD;
				GENERATE_INFOPLIST_FILE = YES;
				MARKETING_VERSION = 1.0;
				PRODUCT_BUNDLE_IDENTIFIER = "AI-PT-ORG.AI-Personal-Trainer-AppUITests";
				PRODUCT_NAME = "$(TARGET_NAME)";
				SWIFT_EMIT_LOC_STRINGS = NO;
				SWIFT_VERSION = 5.0;
				TARGETED_DEVICE_FAMILY = "1,2";
				TEST_TARGET_NAME = "AI Personal Trainer App";
			};
			name = Debug;
		};
		12761C6D2E57953C00C4F8FE /* Release */ = {
			isa = XCBuildConfiguration;
			buildSettings = {
				ALWAYS_EMBED_SWIFT_STANDARD_LIBRARIES = YES;
				CODE_SIGN_STYLE = Automatic;
				CURRENT_PROJECT_VERSION = 1;
				DEVELOPMENT_TEAM = HQKNJY9XYD;
				GENERATE_INFOPLIST_FILE = YES;
				MARKETING_VERSION = 1.0;
				PRODUCT_BUNDLE_IDENTIFIER = "AI-PT-ORG.AI-Personal-Trainer-AppUITests";
				PRODUCT_NAME = "$(TARGET_NAME)";
				SWIFT_EMIT_LOC_STRINGS = NO;
				SWIFT_VERSION = 5.0;
				TARGETED_DEVICE_FAMILY = "1,2";
				TEST_TARGET_NAME = "AI Personal Trainer App";
			};
			name = Release;
		};
/* End XCBuildConfiguration section */

/* Begin XCConfigurationList section */
		12761C3C2E57953800C4F8FE /* Build configuration list for PBXProject "AI Personal Trainer App" */ = {
			isa = XCConfigurationList;
			buildConfigurations = (
				12761C632E57953C00C4F8FE /* Debug */,
				12761C642E57953C00C4F8FE /* Release */,
			);
			defaultConfigurationIsVisible = 0;
			defaultConfigurationName = Release;
		};
		12761C652E57953C00C4F8FE /* Build configuration list for PBXNativeTarget "AI Personal Trainer App" */ = {
			isa = XCConfigurationList;
			buildConfigurations = (
				12761C662E57953C00C4F8FE /* Debug */,
				12761C672E57953C00C4F8FE /* Release */,
			);
			defaultConfigurationIsVisible = 0;
			defaultConfigurationName = Release;
		};
		12761C682E57953C00C4F8FE /* Build configuration list for PBXNativeTarget "AI Personal Trainer AppTests" */ = {
			isa = XCConfigurationList;
			buildConfigurations = (
				12761C692E57953C00C4F8FE /* Debug */,
				12761C6A2E57953C00C4F8FE /* Release */,
			);
			defaultConfigurationIsVisible = 0;
			defaultConfigurationName = Release;
		};
		12761C6B2E57953C00C4F8FE /* Build configuration list for PBXNativeTarget "AI Personal Trainer AppUITests" */ = {
			isa = XCConfigurationList;
			buildConfigurations = (
				12761C6C2E57953C00C4F8FE /* Debug */,
				12761C6D2E57953C00C4F8FE /* Release */,
			);
			defaultConfigurationIsVisible = 0;
			defaultConfigurationName = Release;
		};
/* End XCConfigurationList section */

/* Begin XCRemoteSwiftPackageReference section */
		12761C6E2E5795B400C4F8FE /* XCRemoteSwiftPackageReference "supabase-swift" */ = {
			isa = XCRemoteSwiftPackageReference;
			repositoryURL = "https://github.com/supabase-community/supabase-swift.git";
			requirement = {
				kind = upToNextMajorVersion;
				minimumVersion = 2.5.1;
			};
		};
/* End XCRemoteSwiftPackageReference section */

/* Begin XCSwiftPackageProductDependency section */
		12761C722E579CEF00C4F8FE /* Supabase */ = {
			isa = XCSwiftPackageProductDependency;
			package = 12761C6E2E5795B400C4F8FE /* XCRemoteSwiftPackageReference "supabase-swift" */;
			productName = Supabase;
		};
/* End XCSwiftPackageProductDependency section */
	};
	rootObject = 12761C392E57953800C4F8FE /* Project object */;
}
